// !$*UTF8*$!
{
	archiveVersion = 1;
	classes = {
	};
	objectVersion = 54;
	objects = {

/* Begin PBXBuildFile section */
		2DBE4C4D2628818F00D20413 /* HistoryViewController.swift in Sources */ = {isa = PBXBuildFile; fileRef = 2DBE4C4C2628818F00D20413 /* HistoryViewController.swift */; };
		490425F729AB54B200CDBC60 /* CategoryViewController.swift in Sources */ = {isa = PBXBuildFile; fileRef = 490425F629AB54B200CDBC60 /* CategoryViewController.swift */; };
		49078E47291BEA2400F556BD /* PocketSVG in Frameworks */ = {isa = PBXBuildFile; productRef = 49078E46291BEA2400F556BD /* PocketSVG */; };
		490EC3E7290CC8F8001E00B6 /* RankingViewController.swift in Sources */ = {isa = PBXBuildFile; fileRef = 490EC3E6290CC8F8001E00B6 /* RankingViewController.swift */; };
		490EC3E9290CE23E001E00B6 /* BLSettingLineCollectionViewCell.swift in Sources */ = {isa = PBXBuildFile; fileRef = 490EC3E8290CE23E001E00B6 /* BLSettingLineCollectionViewCell.swift */; };
		490EC3EB290CFEBD001E00B6 /* Anime1ViewController.swift in Sources */ = {isa = PBXBuildFile; fileRef = 490EC3EA290CFEBD001E00B6 /* Anime1ViewController.swift */; };
		492731EE29096677005F5B0A /* HotViewController.swift in Sources */ = {isa = PBXBuildFile; fileRef = 492731ED29096677005F5B0A /* HotViewController.swift */; };
		49389D6228AFEA2900B9DAFD /* VideoDanmuProvider.swift in Sources */ = {isa = PBXBuildFile; fileRef = 49389D6128AFEA2900B9DAFD /* VideoDanmuProvider.swift */; };
		49389D8928B0A1B700B9DAFD /* UIViewController+Ext.swift in Sources */ = {isa = PBXBuildFile; fileRef = 49389D8828B0A1B700B9DAFD /* UIViewController+Ext.swift */; };
		49389D8C28B0A84500B9DAFD /* PersonalViewController.swift in Sources */ = {isa = PBXBuildFile; fileRef = 49389D8B28B0A84500B9DAFD /* PersonalViewController.swift */; };
		494741C029002797005D6885 /* UserDefault+..swift in Sources */ = {isa = PBXBuildFile; fileRef = 494741BF29002797005D6885 /* UserDefault+..swift */; };
		494741C329016CCE005D6885 /* MarqueeLabel in Frameworks */ = {isa = PBXBuildFile; productRef = 494741C229016CCE005D6885 /* MarqueeLabel */; };
		494741C6290177BB005D6885 /* UpSpaceViewController.swift in Sources */ = {isa = PBXBuildFile; fileRef = 494741C5290177BB005D6885 /* UpSpaceViewController.swift */; };
		494741C82902C45D005D6885 /* Array+..swift in Sources */ = {isa = PBXBuildFile; fileRef = 494741C72902C45D005D6885 /* Array+..swift */; };
		494741E7290391A7005D6885 /* BLButton.swift in Sources */ = {isa = PBXBuildFile; fileRef = 494741E6290391A7005D6885 /* BLButton.swift */; };
		494742112905053E005D6885 /* BLMotionCollectionViewCell.swift in Sources */ = {isa = PBXBuildFile; fileRef = 494742102905053E005D6885 /* BLMotionCollectionViewCell.swift */; };
		49474213290509F6005D6885 /* DateFormatter.swift in Sources */ = {isa = PBXBuildFile; fileRef = 49474212290509F6005D6885 /* DateFormatter.swift */; };
		4947423B2906B308005D6885 /* BLTextOnlyCollectionViewCell.swift in Sources */ = {isa = PBXBuildFile; fileRef = 4947423A2906B308005D6885 /* BLTextOnlyCollectionViewCell.swift */; };
		49508E0F2943420100D26812 /* CocoaLumberjack in Frameworks */ = {isa = PBXBuildFile; productRef = 49508E0E2943420100D26812 /* CocoaLumberjack */; };
		49508E112943420100D26812 /* CocoaLumberjackSwift in Frameworks */ = {isa = PBXBuildFile; productRef = 49508E102943420100D26812 /* CocoaLumberjackSwift */; };
		496400D32943431E0098ACA6 /* Logger.swift in Sources */ = {isa = PBXBuildFile; fileRef = 496400D22943431E0098ACA6 /* Logger.swift */; };
		49735024290D0E8A0045C26B /* Fuzi in Frameworks */ = {isa = PBXBuildFile; productRef = 49735023290D0E8A0045C26B /* Fuzi */; };
		4973502B29161B770045C26B /* WeeklyWatchViewController.swift in Sources */ = {isa = PBXBuildFile; fileRef = 4973502A29161B770045C26B /* WeeklyWatchViewController.swift */; };
		4973502D29162A6D0045C26B /* StandardVideoCollectionViewController.swift in Sources */ = {isa = PBXBuildFile; fileRef = 4973502C29162A6D0045C26B /* StandardVideoCollectionViewController.swift */; };
		498DB1DF291BC24700F95607 /* BMaskProvider.swift in Sources */ = {isa = PBXBuildFile; fileRef = 498DB1DE291BC24700F95607 /* BMaskProvider.swift */; };
		499C75EC293058C9003160FB /* CocoaAsyncSocket in Frameworks */ = {isa = PBXBuildFile; productRef = 499C75EB293058C9003160FB /* CocoaAsyncSocket */; };
		499C75EE29305A1E003160FB /* BiliBiliUpnpDMR.swift in Sources */ = {isa = PBXBuildFile; fileRef = 499C75ED29305A1E003160FB /* BiliBiliUpnpDMR.swift */; };
		499C760F2930E068003160FB /* NVASocket.swift in Sources */ = {isa = PBXBuildFile; fileRef = 499C760E2930E068003160FB /* NVASocket.swift */; };
		499C76132931A781003160FB /* Swifter in Frameworks */ = {isa = PBXBuildFile; productRef = 499C76122931A781003160FB /* Swifter */; };
		499C76162931A7AE003160FB /* SwiftyXMLParser in Frameworks */ = {isa = PBXBuildFile; productRef = 499C76152931A7AE003160FB /* SwiftyXMLParser */; };
		49A441CD293F6DFD0007606C /* FollowUpsViewController.swift in Sources */ = {isa = PBXBuildFile; fileRef = 49A441CC293F6DFD0007606C /* FollowUpsViewController.swift */; };
		49D39F28263AD40000F14497 /* WebRequest.swift in Sources */ = {isa = PBXBuildFile; fileRef = 49D39F27263AD40000F14497 /* WebRequest.swift */; };
		49DA01A0296C466C00EEAE15 /* AVInfoPanelCollectionViewThumbnailCell+Hook.swift in Sources */ = {isa = PBXBuildFile; fileRef = 49DA019F296C466C00EEAE15 /* AVInfoPanelCollectionViewThumbnailCell+Hook.swift */; };
		49E5F85028AF73C500FAA3CE /* BilibiliVideoResourceLoaderDelegate.swift in Sources */ = {isa = PBXBuildFile; fileRef = 49E5F84F28AF73C500FAA3CE /* BilibiliVideoResourceLoaderDelegate.swift */; };
		49F9186E2931E3C9001D3EC3 /* DLNAInfo.xml in Resources */ = {isa = PBXBuildFile; fileRef = 49F9186D2931E3C9001D3EC3 /* DLNAInfo.xml */; };
		49F918702931E473001D3EC3 /* NirvanaControl.xml in Resources */ = {isa = PBXBuildFile; fileRef = 49F9186F2931E473001D3EC3 /* NirvanaControl.xml */; };
		49F918722931E927001D3EC3 /* AvTransportScpd.xml in Resources */ = {isa = PBXBuildFile; fileRef = 49F918712931E927001D3EC3 /* AvTransportScpd.xml */; };
		49FB8EC0291F4C520045D5DE /* VMaskProvider.swift in Sources */ = {isa = PBXBuildFile; fileRef = 49FB8EBF291F4C520045D5DE /* VMaskProvider.swift */; };
		49FB8EE929208EBE0045D5DE /* SidxParseUtil.swift in Sources */ = {isa = PBXBuildFile; fileRef = 49FB8EE829208EBE0045D5DE /* SidxParseUtil.swift */; };
		AE2B41552912706700BF2B0B /* SearchResultViewController.swift in Sources */ = {isa = PBXBuildFile; fileRef = AE2B41542912706700BF2B0B /* SearchResultViewController.swift */; };
		AE2B41572914C02000BF2B0B /* Int.swift in Sources */ = {isa = PBXBuildFile; fileRef = AE2B41562914C02000BF2B0B /* Int.swift */; };
		AE4889B228FE55DA00E8C5CD /* FavoriteViewController.swift in Sources */ = {isa = PBXBuildFile; fileRef = AE4889B128FE55DA00E8C5CD /* FavoriteViewController.swift */; };
		AE7A3B20290298BE006FEBB0 /* Colors.swift in Sources */ = {isa = PBXBuildFile; fileRef = AE7A3B1F290298BE006FEBB0 /* Colors.swift */; };
		AEA5FDE2290F6E2600E7C0B2 /* String.swift in Sources */ = {isa = PBXBuildFile; fileRef = AEA5FDE1290F6E2600E7C0B2 /* String.swift */; };
		AEA6AB1628FFE951007CE72E /* SettingsViewController.swift in Sources */ = {isa = PBXBuildFile; fileRef = AEA6AB1528FFE951007CE72E /* SettingsViewController.swift */; };
		AEA6AB1928FFF3DD007CE72E /* Settings.swift in Sources */ = {isa = PBXBuildFile; fileRef = AEA6AB1828FFF3DD007CE72E /* Settings.swift */; };
		F90AAE04265549B5008DE7C2 /* FeedViewController.swift in Sources */ = {isa = PBXBuildFile; fileRef = F90AAE03265549B5008DE7C2 /* FeedViewController.swift */; };
		F9171D5F2900FCFB002868C7 /* SnapKit in Frameworks */ = {isa = PBXBuildFile; productRef = F9171D5E2900FCFB002868C7 /* SnapKit */; };
		F9171D6129010429002868C7 /* UICollectionView+..swift in Sources */ = {isa = PBXBuildFile; fileRef = F9171D6029010429002868C7 /* UICollectionView+..swift */; };
		F9171D6429010DF1002868C7 /* FeedCollectionViewCell.swift in Sources */ = {isa = PBXBuildFile; fileRef = F9171D6329010DF1002868C7 /* FeedCollectionViewCell.swift */; };
		F9171D6629026AC5002868C7 /* TitleSupplementaryView.swift in Sources */ = {isa = PBXBuildFile; fileRef = F9171D6529026AC5002868C7 /* TitleSupplementaryView.swift */; };
		F927ED65260F917D00EAB8E3 /* Gzip in Frameworks */ = {isa = PBXBuildFile; productRef = F927ED64260F917D00EAB8E3 /* Gzip */; };
		F927ED682610113A00EAB8E3 /* LiveDanMuProvider.swift in Sources */ = {isa = PBXBuildFile; fileRef = F927ED672610113A00EAB8E3 /* LiveDanMuProvider.swift */; };
		F927ED732610395300EAB8E3 /* DanmakuCell.swift in Sources */ = {isa = PBXBuildFile; fileRef = F927ED6C2610395300EAB8E3 /* DanmakuCell.swift */; };
		F927ED742610395300EAB8E3 /* DanmakuView.swift in Sources */ = {isa = PBXBuildFile; fileRef = F927ED6D2610395300EAB8E3 /* DanmakuView.swift */; };
		F927ED752610395300EAB8E3 /* DanmakuAsyncLayer.swift in Sources */ = {isa = PBXBuildFile; fileRef = F927ED6E2610395300EAB8E3 /* DanmakuAsyncLayer.swift */; };
		F927ED772610395300EAB8E3 /* DanmakuQueuePool.swift in Sources */ = {isa = PBXBuildFile; fileRef = F927ED702610395300EAB8E3 /* DanmakuQueuePool.swift */; };
		F927ED782610395300EAB8E3 /* DanmakuTrack.swift in Sources */ = {isa = PBXBuildFile; fileRef = F927ED712610395300EAB8E3 /* DanmakuTrack.swift */; };
		F927ED792610395400EAB8E3 /* DanmakuCellModel.swift in Sources */ = {isa = PBXBuildFile; fileRef = F927ED722610395300EAB8E3 /* DanmakuCellModel.swift */; };
		F927ED8826103CFB00EAB8E3 /* DanmakuTextCell.swift in Sources */ = {isa = PBXBuildFile; fileRef = F927ED8626103CFA00EAB8E3 /* DanmakuTextCell.swift */; };
		F927ED8926103CFB00EAB8E3 /* DanmakuTextCellModel.swift in Sources */ = {isa = PBXBuildFile; fileRef = F927ED8726103CFA00EAB8E3 /* DanmakuTextCellModel.swift */; };
		F927ED8D2610A5A800EAB8E3 /* LoginViewController.swift in Sources */ = {isa = PBXBuildFile; fileRef = F927ED8C2610A5A800EAB8E3 /* LoginViewController.swift */; };
		F927ED902610A5E900EAB8E3 /* CookieManager.swift in Sources */ = {isa = PBXBuildFile; fileRef = F927ED8F2610A5E900EAB8E3 /* CookieManager.swift */; };
		F927ED992610AD8D00EAB8E3 /* LiveViewController.swift in Sources */ = {isa = PBXBuildFile; fileRef = F927ED982610AD8D00EAB8E3 /* LiveViewController.swift */; };
		F927ED9F2610B5C300EAB8E3 /* Kingfisher in Frameworks */ = {isa = PBXBuildFile; productRef = F927ED9E2610B5C300EAB8E3 /* Kingfisher */; };
		F9562C92261A0D2200573B74 /* VideoPlayerViewController.swift in Sources */ = {isa = PBXBuildFile; fileRef = F9562C91261A0D2200573B74 /* VideoPlayerViewController.swift */; };
		F99D28E12619591300F8E66A /* CommonPlayerViewController.swift in Sources */ = {isa = PBXBuildFile; fileRef = F99D28E02619591300F8E66A /* CommonPlayerViewController.swift */; };
		F99D28EA26195EC200F8E66A /* UIView+Layout.swift in Sources */ = {isa = PBXBuildFile; fileRef = F99D28E926195EC200F8E66A /* UIView+Layout.swift */; };
		F99D28F72619F5F000F8E66A /* FollowsViewController.swift in Sources */ = {isa = PBXBuildFile; fileRef = F99D28F62619F5F000F8E66A /* FollowsViewController.swift */; };
		F9B57354260F5F7400771ED5 /* AppDelegate.swift in Sources */ = {isa = PBXBuildFile; fileRef = F9B57353260F5F7400771ED5 /* AppDelegate.swift */; };
		F9B57356260F5F7400771ED5 /* LivePlayerViewController.swift in Sources */ = {isa = PBXBuildFile; fileRef = F9B57355260F5F7400771ED5 /* LivePlayerViewController.swift */; };
		F9B57359260F5F7400771ED5 /* Main.storyboard in Resources */ = {isa = PBXBuildFile; fileRef = F9B57357260F5F7400771ED5 /* Main.storyboard */; };
		F9B5735B260F5F7600771ED5 /* Assets.xcassets in Resources */ = {isa = PBXBuildFile; fileRef = F9B5735A260F5F7600771ED5 /* Assets.xcassets */; };
		F9B5735E260F5F7600771ED5 /* LaunchScreen.storyboard in Resources */ = {isa = PBXBuildFile; fileRef = F9B5735C260F5F7600771ED5 /* LaunchScreen.storyboard */; };
		F9B5736E260F652C00771ED5 /* Alamofire in Frameworks */ = {isa = PBXBuildFile; productRef = F9B5736D260F652C00771ED5 /* Alamofire */; };
		F9B57373260F6B8E00771ED5 /* Starscream in Frameworks */ = {isa = PBXBuildFile; productRef = F9B57372260F6B8E00771ED5 /* Starscream */; };
		F9B57378260F6BB400771ED5 /* SwiftyJSON in Frameworks */ = {isa = PBXBuildFile; productRef = F9B57377260F6BB400771ED5 /* SwiftyJSON */; };
		F9B9EAE7261AC6F80045C2C6 /* BLTabBarViewController.swift in Sources */ = {isa = PBXBuildFile; fileRef = F9B9EAE6261AC6F80045C2C6 /* BLTabBarViewController.swift */; };
		F9B9EAEA261B15020045C2C6 /* FeedCollectionViewController.swift in Sources */ = {isa = PBXBuildFile; fileRef = F9B9EAE9261B15020045C2C6 /* FeedCollectionViewController.swift */; };
		F9B9EAED261B25E40045C2C6 /* ToViewViewController.swift in Sources */ = {isa = PBXBuildFile; fileRef = F9B9EAEC261B25E40045C2C6 /* ToViewViewController.swift */; };
		F9D382B426359EF90070508F /* ApiRequest.swift in Sources */ = {isa = PBXBuildFile; fileRef = F9D382B326359EF90070508F /* ApiRequest.swift */; };
		F9EDADD3262AA421007CB99F /* VideoDetailViewController.swift in Sources */ = {isa = PBXBuildFile; fileRef = F9EDADD2262AA421007CB99F /* VideoDetailViewController.swift */; };
/* End PBXBuildFile section */

/* Begin PBXCopyFilesBuildPhase section */
		499C75F7293096EC003160FB /* Embed Frameworks */ = {
			isa = PBXCopyFilesBuildPhase;
			buildActionMask = 2147483647;
			dstPath = "";
			dstSubfolderSpec = 10;
			files = (
			);
			name = "Embed Frameworks";
			runOnlyForDeploymentPostprocessing = 0;
		};
/* End PBXCopyFilesBuildPhase section */

/* Begin PBXFileReference section */
		2DBE4C4C2628818F00D20413 /* HistoryViewController.swift */ = {isa = PBXFileReference; lastKnownFileType = sourcecode.swift; path = HistoryViewController.swift; sourceTree = "<group>"; };
		490425F629AB54B200CDBC60 /* CategoryViewController.swift */ = {isa = PBXFileReference; lastKnownFileType = sourcecode.swift; path = CategoryViewController.swift; sourceTree = "<group>"; };
		490EC3E6290CC8F8001E00B6 /* RankingViewController.swift */ = {isa = PBXFileReference; lastKnownFileType = sourcecode.swift; path = RankingViewController.swift; sourceTree = "<group>"; };
		490EC3E8290CE23E001E00B6 /* BLSettingLineCollectionViewCell.swift */ = {isa = PBXFileReference; lastKnownFileType = sourcecode.swift; path = BLSettingLineCollectionViewCell.swift; sourceTree = "<group>"; };
		490EC3EA290CFEBD001E00B6 /* Anime1ViewController.swift */ = {isa = PBXFileReference; lastKnownFileType = sourcecode.swift; path = Anime1ViewController.swift; sourceTree = "<group>"; };
		492731ED29096677005F5B0A /* HotViewController.swift */ = {isa = PBXFileReference; lastKnownFileType = sourcecode.swift; path = HotViewController.swift; sourceTree = "<group>"; };
		49389D6128AFEA2900B9DAFD /* VideoDanmuProvider.swift */ = {isa = PBXFileReference; lastKnownFileType = sourcecode.swift; path = VideoDanmuProvider.swift; sourceTree = "<group>"; };
		49389D8828B0A1B700B9DAFD /* UIViewController+Ext.swift */ = {isa = PBXFileReference; lastKnownFileType = sourcecode.swift; path = "UIViewController+Ext.swift"; sourceTree = "<group>"; };
		49389D8B28B0A84500B9DAFD /* PersonalViewController.swift */ = {isa = PBXFileReference; lastKnownFileType = sourcecode.swift; path = PersonalViewController.swift; sourceTree = "<group>"; };
		494741BF29002797005D6885 /* UserDefault+..swift */ = {isa = PBXFileReference; lastKnownFileType = sourcecode.swift; path = "UserDefault+..swift"; sourceTree = "<group>"; };
		494741C5290177BB005D6885 /* UpSpaceViewController.swift */ = {isa = PBXFileReference; lastKnownFileType = sourcecode.swift; path = UpSpaceViewController.swift; sourceTree = "<group>"; };
		494741C72902C45D005D6885 /* Array+..swift */ = {isa = PBXFileReference; lastKnownFileType = sourcecode.swift; path = "Array+..swift"; sourceTree = "<group>"; };
		494741E6290391A7005D6885 /* BLButton.swift */ = {isa = PBXFileReference; lastKnownFileType = sourcecode.swift; path = BLButton.swift; sourceTree = "<group>"; };
		4947420E2904ECE8005D6885 /* zh-Hans */ = {isa = PBXFileReference; lastKnownFileType = text.plist.strings; name = "zh-Hans"; path = "zh-Hans.lproj/Main.strings"; sourceTree = "<group>"; };
		4947420F2904ECE8005D6885 /* zh-Hans */ = {isa = PBXFileReference; lastKnownFileType = text.plist.strings; name = "zh-Hans"; path = "zh-Hans.lproj/LaunchScreen.strings"; sourceTree = "<group>"; };
		494742102905053E005D6885 /* BLMotionCollectionViewCell.swift */ = {isa = PBXFileReference; lastKnownFileType = sourcecode.swift; path = BLMotionCollectionViewCell.swift; sourceTree = "<group>"; };
		49474212290509F6005D6885 /* DateFormatter.swift */ = {isa = PBXFileReference; lastKnownFileType = sourcecode.swift; path = DateFormatter.swift; sourceTree = "<group>"; };
		4947423A2906B308005D6885 /* BLTextOnlyCollectionViewCell.swift */ = {isa = PBXFileReference; lastKnownFileType = sourcecode.swift; path = BLTextOnlyCollectionViewCell.swift; sourceTree = "<group>"; };
		496400D22943431E0098ACA6 /* Logger.swift */ = {isa = PBXFileReference; lastKnownFileType = sourcecode.swift; path = Logger.swift; sourceTree = "<group>"; };
		4973502A29161B770045C26B /* WeeklyWatchViewController.swift */ = {isa = PBXFileReference; lastKnownFileType = sourcecode.swift; path = WeeklyWatchViewController.swift; sourceTree = "<group>"; };
		4973502C29162A6D0045C26B /* StandardVideoCollectionViewController.swift */ = {isa = PBXFileReference; lastKnownFileType = sourcecode.swift; path = StandardVideoCollectionViewController.swift; sourceTree = "<group>"; };
		498DB1DE291BC24700F95607 /* BMaskProvider.swift */ = {isa = PBXFileReference; lastKnownFileType = sourcecode.swift; path = BMaskProvider.swift; sourceTree = "<group>"; };
		499C75ED29305A1E003160FB /* BiliBiliUpnpDMR.swift */ = {isa = PBXFileReference; lastKnownFileType = sourcecode.swift; path = BiliBiliUpnpDMR.swift; sourceTree = "<group>"; };
		499C760E2930E068003160FB /* NVASocket.swift */ = {isa = PBXFileReference; lastKnownFileType = sourcecode.swift; path = NVASocket.swift; sourceTree = "<group>"; };
		49A441CC293F6DFD0007606C /* FollowUpsViewController.swift */ = {isa = PBXFileReference; lastKnownFileType = sourcecode.swift; path = FollowUpsViewController.swift; sourceTree = "<group>"; };
		49D39F27263AD40000F14497 /* WebRequest.swift */ = {isa = PBXFileReference; lastKnownFileType = sourcecode.swift; path = WebRequest.swift; sourceTree = "<group>"; };
		49DA019F296C466C00EEAE15 /* AVInfoPanelCollectionViewThumbnailCell+Hook.swift */ = {isa = PBXFileReference; lastKnownFileType = sourcecode.swift; path = "AVInfoPanelCollectionViewThumbnailCell+Hook.swift"; sourceTree = "<group>"; };
		49E5F84F28AF73C500FAA3CE /* BilibiliVideoResourceLoaderDelegate.swift */ = {isa = PBXFileReference; fileEncoding = 4; lastKnownFileType = sourcecode.swift; path = BilibiliVideoResourceLoaderDelegate.swift; sourceTree = "<group>"; };
		49F9186D2931E3C9001D3EC3 /* DLNAInfo.xml */ = {isa = PBXFileReference; lastKnownFileType = text.xml; path = DLNAInfo.xml; sourceTree = "<group>"; };
		49F9186F2931E473001D3EC3 /* NirvanaControl.xml */ = {isa = PBXFileReference; lastKnownFileType = text.xml; path = NirvanaControl.xml; sourceTree = "<group>"; };
		49F918712931E927001D3EC3 /* AvTransportScpd.xml */ = {isa = PBXFileReference; lastKnownFileType = text.xml; path = AvTransportScpd.xml; sourceTree = "<group>"; };
		49FB8EBF291F4C520045D5DE /* VMaskProvider.swift */ = {isa = PBXFileReference; lastKnownFileType = sourcecode.swift; path = VMaskProvider.swift; sourceTree = "<group>"; };
		49FB8EE829208EBE0045D5DE /* SidxParseUtil.swift */ = {isa = PBXFileReference; lastKnownFileType = sourcecode.swift; path = SidxParseUtil.swift; sourceTree = "<group>"; };
		AE2B41542912706700BF2B0B /* SearchResultViewController.swift */ = {isa = PBXFileReference; lastKnownFileType = sourcecode.swift; path = SearchResultViewController.swift; sourceTree = "<group>"; };
		AE2B41562914C02000BF2B0B /* Int.swift */ = {isa = PBXFileReference; lastKnownFileType = sourcecode.swift; path = Int.swift; sourceTree = "<group>"; };
		AE4889B128FE55DA00E8C5CD /* FavoriteViewController.swift */ = {isa = PBXFileReference; lastKnownFileType = sourcecode.swift; path = FavoriteViewController.swift; sourceTree = "<group>"; };
		AE7A3B1F290298BE006FEBB0 /* Colors.swift */ = {isa = PBXFileReference; lastKnownFileType = sourcecode.swift; path = Colors.swift; sourceTree = "<group>"; };
		AEA5FDE1290F6E2600E7C0B2 /* String.swift */ = {isa = PBXFileReference; lastKnownFileType = sourcecode.swift; path = String.swift; sourceTree = "<group>"; };
		AEA6AB1528FFE951007CE72E /* SettingsViewController.swift */ = {isa = PBXFileReference; lastKnownFileType = sourcecode.swift; path = SettingsViewController.swift; sourceTree = "<group>"; };
		AEA6AB1828FFF3DD007CE72E /* Settings.swift */ = {isa = PBXFileReference; lastKnownFileType = sourcecode.swift; path = Settings.swift; sourceTree = "<group>"; };
		F90AAE03265549B5008DE7C2 /* FeedViewController.swift */ = {isa = PBXFileReference; lastKnownFileType = sourcecode.swift; path = FeedViewController.swift; sourceTree = "<group>"; };
		F9171D6029010429002868C7 /* UICollectionView+..swift */ = {isa = PBXFileReference; lastKnownFileType = sourcecode.swift; path = "UICollectionView+..swift"; sourceTree = "<group>"; };
		F9171D6329010DF1002868C7 /* FeedCollectionViewCell.swift */ = {isa = PBXFileReference; lastKnownFileType = sourcecode.swift; path = FeedCollectionViewCell.swift; sourceTree = "<group>"; };
		F9171D6529026AC5002868C7 /* TitleSupplementaryView.swift */ = {isa = PBXFileReference; lastKnownFileType = sourcecode.swift; path = TitleSupplementaryView.swift; sourceTree = "<group>"; };
		F927ED672610113A00EAB8E3 /* LiveDanMuProvider.swift */ = {isa = PBXFileReference; lastKnownFileType = sourcecode.swift; path = LiveDanMuProvider.swift; sourceTree = "<group>"; };
		F927ED6C2610395300EAB8E3 /* DanmakuCell.swift */ = {isa = PBXFileReference; fileEncoding = 4; lastKnownFileType = sourcecode.swift; path = DanmakuCell.swift; sourceTree = "<group>"; };
		F927ED6D2610395300EAB8E3 /* DanmakuView.swift */ = {isa = PBXFileReference; fileEncoding = 4; lastKnownFileType = sourcecode.swift; path = DanmakuView.swift; sourceTree = "<group>"; };
		F927ED6E2610395300EAB8E3 /* DanmakuAsyncLayer.swift */ = {isa = PBXFileReference; fileEncoding = 4; lastKnownFileType = sourcecode.swift; path = DanmakuAsyncLayer.swift; sourceTree = "<group>"; };
		F927ED702610395300EAB8E3 /* DanmakuQueuePool.swift */ = {isa = PBXFileReference; fileEncoding = 4; lastKnownFileType = sourcecode.swift; path = DanmakuQueuePool.swift; sourceTree = "<group>"; };
		F927ED712610395300EAB8E3 /* DanmakuTrack.swift */ = {isa = PBXFileReference; fileEncoding = 4; lastKnownFileType = sourcecode.swift; path = DanmakuTrack.swift; sourceTree = "<group>"; };
		F927ED722610395300EAB8E3 /* DanmakuCellModel.swift */ = {isa = PBXFileReference; fileEncoding = 4; lastKnownFileType = sourcecode.swift; path = DanmakuCellModel.swift; sourceTree = "<group>"; };
		F927ED8626103CFA00EAB8E3 /* DanmakuTextCell.swift */ = {isa = PBXFileReference; fileEncoding = 4; lastKnownFileType = sourcecode.swift; path = DanmakuTextCell.swift; sourceTree = "<group>"; };
		F927ED8726103CFA00EAB8E3 /* DanmakuTextCellModel.swift */ = {isa = PBXFileReference; fileEncoding = 4; lastKnownFileType = sourcecode.swift; path = DanmakuTextCellModel.swift; sourceTree = "<group>"; };
		F927ED8C2610A5A800EAB8E3 /* LoginViewController.swift */ = {isa = PBXFileReference; lastKnownFileType = sourcecode.swift; path = LoginViewController.swift; sourceTree = "<group>"; };
		F927ED8F2610A5E900EAB8E3 /* CookieManager.swift */ = {isa = PBXFileReference; lastKnownFileType = sourcecode.swift; path = CookieManager.swift; sourceTree = "<group>"; };
		F927ED982610AD8D00EAB8E3 /* LiveViewController.swift */ = {isa = PBXFileReference; lastKnownFileType = sourcecode.swift; path = LiveViewController.swift; sourceTree = "<group>"; };
		F9562C91261A0D2200573B74 /* VideoPlayerViewController.swift */ = {isa = PBXFileReference; lastKnownFileType = sourcecode.swift; path = VideoPlayerViewController.swift; sourceTree = "<group>"; };
		F99D28DA2618A55900F8E66A /* BilibiliLive-Bridging-Header.h */ = {isa = PBXFileReference; lastKnownFileType = sourcecode.c.h; path = "BilibiliLive-Bridging-Header.h"; sourceTree = "<group>"; };
		F99D28E02619591300F8E66A /* CommonPlayerViewController.swift */ = {isa = PBXFileReference; lastKnownFileType = sourcecode.swift; path = CommonPlayerViewController.swift; sourceTree = "<group>"; };
		F99D28E926195EC200F8E66A /* UIView+Layout.swift */ = {isa = PBXFileReference; lastKnownFileType = sourcecode.swift; path = "UIView+Layout.swift"; sourceTree = "<group>"; };
		F99D28F62619F5F000F8E66A /* FollowsViewController.swift */ = {isa = PBXFileReference; lastKnownFileType = sourcecode.swift; path = FollowsViewController.swift; sourceTree = "<group>"; };
		F9B57350260F5F7400771ED5 /* BilibiliLive.app */ = {isa = PBXFileReference; explicitFileType = wrapper.application; includeInIndex = 0; path = BilibiliLive.app; sourceTree = BUILT_PRODUCTS_DIR; };
		F9B57353260F5F7400771ED5 /* AppDelegate.swift */ = {isa = PBXFileReference; lastKnownFileType = sourcecode.swift; path = AppDelegate.swift; sourceTree = "<group>"; };
		F9B57355260F5F7400771ED5 /* LivePlayerViewController.swift */ = {isa = PBXFileReference; lastKnownFileType = sourcecode.swift; path = LivePlayerViewController.swift; sourceTree = "<group>"; };
		F9B57358260F5F7400771ED5 /* Base */ = {isa = PBXFileReference; lastKnownFileType = file.storyboard; name = Base; path = Base.lproj/Main.storyboard; sourceTree = "<group>"; };
		F9B5735A260F5F7600771ED5 /* Assets.xcassets */ = {isa = PBXFileReference; lastKnownFileType = folder.assetcatalog; path = Assets.xcassets; sourceTree = "<group>"; };
		F9B5735D260F5F7600771ED5 /* Base */ = {isa = PBXFileReference; lastKnownFileType = file.storyboard; name = Base; path = Base.lproj/LaunchScreen.storyboard; sourceTree = "<group>"; };
		F9B5735F260F5F7600771ED5 /* Info.plist */ = {isa = PBXFileReference; lastKnownFileType = text.plist.xml; path = Info.plist; sourceTree = "<group>"; };
		F9B9EAE6261AC6F80045C2C6 /* BLTabBarViewController.swift */ = {isa = PBXFileReference; lastKnownFileType = sourcecode.swift; path = BLTabBarViewController.swift; sourceTree = "<group>"; };
		F9B9EAE9261B15020045C2C6 /* FeedCollectionViewController.swift */ = {isa = PBXFileReference; lastKnownFileType = sourcecode.swift; path = FeedCollectionViewController.swift; sourceTree = "<group>"; };
		F9B9EAEC261B25E40045C2C6 /* ToViewViewController.swift */ = {isa = PBXFileReference; lastKnownFileType = sourcecode.swift; path = ToViewViewController.swift; sourceTree = "<group>"; };
		F9D382B326359EF90070508F /* ApiRequest.swift */ = {isa = PBXFileReference; lastKnownFileType = sourcecode.swift; path = ApiRequest.swift; sourceTree = "<group>"; };
		F9EDADD2262AA421007CB99F /* VideoDetailViewController.swift */ = {isa = PBXFileReference; lastKnownFileType = sourcecode.swift; path = VideoDetailViewController.swift; sourceTree = "<group>"; };
/* End PBXFileReference section */

/* Begin PBXFrameworksBuildPhase section */
		F9B5734D260F5F7400771ED5 /* Frameworks */ = {
			isa = PBXFrameworksBuildPhase;
			buildActionMask = 2147483647;
			files = (
				F9B57378260F6BB400771ED5 /* SwiftyJSON in Frameworks */,
				F9B5736E260F652C00771ED5 /* Alamofire in Frameworks */,
				49078E47291BEA2400F556BD /* PocketSVG in Frameworks */,
				499C76162931A7AE003160FB /* SwiftyXMLParser in Frameworks */,
				49508E112943420100D26812 /* CocoaLumberjackSwift in Frameworks */,
				F927ED65260F917D00EAB8E3 /* Gzip in Frameworks */,
				49735024290D0E8A0045C26B /* Fuzi in Frameworks */,
				F9171D5F2900FCFB002868C7 /* SnapKit in Frameworks */,
				494741C329016CCE005D6885 /* MarqueeLabel in Frameworks */,
				499C76132931A781003160FB /* Swifter in Frameworks */,
				49508E0F2943420100D26812 /* CocoaLumberjack in Frameworks */,
				499C75EC293058C9003160FB /* CocoaAsyncSocket in Frameworks */,
				F9B57373260F6B8E00771ED5 /* Starscream in Frameworks */,
				F927ED9F2610B5C300EAB8E3 /* Kingfisher in Frameworks */,
			);
			runOnlyForDeploymentPostprocessing = 0;
		};
/* End PBXFrameworksBuildPhase section */

/* Begin PBXGroup section */
		2D3CD3F52635BD1100191419 /* ViewController */ = {
			isa = PBXGroup;
			children = (
				F90AAE03265549B5008DE7C2 /* FeedViewController.swift */,
				F99D28F62619F5F000F8E66A /* FollowsViewController.swift */,
				AE4889B128FE55DA00E8C5CD /* FavoriteViewController.swift */,
				494741C5290177BB005D6885 /* UpSpaceViewController.swift */,
				492731ED29096677005F5B0A /* HotViewController.swift */,
				490EC3E6290CC8F8001E00B6 /* RankingViewController.swift */,
			);
			path = ViewController;
			sourceTree = "<group>";
		};
		2D3CD3F72635BD7000191419 /* Supporting Files */ = {
			isa = PBXGroup;
			children = (
				F9B5735A260F5F7600771ED5 /* Assets.xcassets */,
				F9B5735C260F5F7600771ED5 /* LaunchScreen.storyboard */,
				F9B5735F260F5F7600771ED5 /* Info.plist */,
				F99D28DA2618A55900F8E66A /* BilibiliLive-Bridging-Header.h */,
			);
			path = "Supporting Files";
			sourceTree = "<group>";
		};
		2D3CD4002635BE7C00191419 /* Live */ = {
			isa = PBXGroup;
			children = (
				F927ED982610AD8D00EAB8E3 /* LiveViewController.swift */,
				F9B57355260F5F7400771ED5 /* LivePlayerViewController.swift */,
				F927ED672610113A00EAB8E3 /* LiveDanMuProvider.swift */,
			);
			path = Live;
			sourceTree = "<group>";
		};
		49389D5D28AFE6DC00B9DAFD /* Video */ = {
			isa = PBXGroup;
			children = (
				F9562C91261A0D2200573B74 /* VideoPlayerViewController.swift */,
				F9EDADD2262AA421007CB99F /* VideoDetailViewController.swift */,
				49389D6128AFEA2900B9DAFD /* VideoDanmuProvider.swift */,
				498DB1DE291BC24700F95607 /* BMaskProvider.swift */,
				49FB8EBF291F4C520045D5DE /* VMaskProvider.swift */,
			);
			path = Video;
			sourceTree = "<group>";
		};
		49389D6028AFE91E00B9DAFD /* Extensions */ = {
			isa = PBXGroup;
			children = (
				F99D28E926195EC200F8E66A /* UIView+Layout.swift */,
				49389D8828B0A1B700B9DAFD /* UIViewController+Ext.swift */,
				494741BF29002797005D6885 /* UserDefault+..swift */,
				F9171D6029010429002868C7 /* UICollectionView+..swift */,
				494741C72902C45D005D6885 /* Array+..swift */,
				AE7A3B1F290298BE006FEBB0 /* Colors.swift */,
				49474212290509F6005D6885 /* DateFormatter.swift */,
				AEA5FDE1290F6E2600E7C0B2 /* String.swift */,
				AE2B41562914C02000BF2B0B /* Int.swift */,
				49DA019F296C466C00EEAE15 /* AVInfoPanelCollectionViewThumbnailCell+Hook.swift */,
			);
			path = Extensions;
			sourceTree = "<group>";
		};
		4947420D2903B8C9005D6885 /* View */ = {
			isa = PBXGroup;
			children = (
				494741E6290391A7005D6885 /* BLButton.swift */,
				494742102905053E005D6885 /* BLMotionCollectionViewCell.swift */,
				4947423A2906B308005D6885 /* BLTextOnlyCollectionViewCell.swift */,
				490EC3E8290CE23E001E00B6 /* BLSettingLineCollectionViewCell.swift */,
			);
			path = View;
			sourceTree = "<group>";
		};
		499C76172931A833003160FB /* DLNA */ = {
			isa = PBXGroup;
			children = (
				499C75ED29305A1E003160FB /* BiliBiliUpnpDMR.swift */,
				499C760E2930E068003160FB /* NVASocket.swift */,
				49F9186D2931E3C9001D3EC3 /* DLNAInfo.xml */,
				49F9186F2931E473001D3EC3 /* NirvanaControl.xml */,
				49F918712931E927001D3EC3 /* AvTransportScpd.xml */,
			);
			path = DLNA;
			sourceTree = "<group>";
		};
		49D39F26263AD3F100F14497 /* Request */ = {
			isa = PBXGroup;
			children = (
				49D39F27263AD40000F14497 /* WebRequest.swift */,
				F9D382B326359EF90070508F /* ApiRequest.swift */,
				F927ED8F2610A5E900EAB8E3 /* CookieManager.swift */,
			);
			path = Request;
			sourceTree = "<group>";
		};
		AEA6AB1228FFE45A007CE72E /* Component */ = {
			isa = PBXGroup;
			children = (
				4947420D2903B8C9005D6885 /* View */,
				F9171D6229010DE5002868C7 /* Feed */,
				F99D28EC2619F4D500F8E66A /* Player */,
				49389D5D28AFE6DC00B9DAFD /* Video */,
				AEA6AB1828FFF3DD007CE72E /* Settings.swift */,
				490425F629AB54B200CDBC60 /* CategoryViewController.swift */,
			);
			path = Component;
			sourceTree = "<group>";
		};
		AEA6AB1328FFE47F007CE72E /* Module */ = {
			isa = PBXGroup;
			children = (
				499C76172931A833003160FB /* DLNA */,
				2D3CD4002635BE7C00191419 /* Live */,
				AEA6AB1428FFE48B007CE72E /* Personal */,
				2D3CD3F52635BD1100191419 /* ViewController */,
			);
			path = Module;
			sourceTree = "<group>";
		};
		AEA6AB1428FFE48B007CE72E /* Personal */ = {
			isa = PBXGroup;
			children = (
				49389D8B28B0A84500B9DAFD /* PersonalViewController.swift */,
				AEA6AB1528FFE951007CE72E /* SettingsViewController.swift */,
				AE2B41542912706700BF2B0B /* SearchResultViewController.swift */,
				F9B9EAEC261B25E40045C2C6 /* ToViewViewController.swift */,
				2DBE4C4C2628818F00D20413 /* HistoryViewController.swift */,
				490EC3EA290CFEBD001E00B6 /* Anime1ViewController.swift */,
				4973502A29161B770045C26B /* WeeklyWatchViewController.swift */,
				49A441CC293F6DFD0007606C /* FollowUpsViewController.swift */,
			);
			path = Personal;
			sourceTree = "<group>";
		};
		F9171D6229010DE5002868C7 /* Feed */ = {
			isa = PBXGroup;
			children = (
				F9B9EAE9261B15020045C2C6 /* FeedCollectionViewController.swift */,
				F9171D6329010DF1002868C7 /* FeedCollectionViewCell.swift */,
				F9171D6529026AC5002868C7 /* TitleSupplementaryView.swift */,
				4973502C29162A6D0045C26B /* StandardVideoCollectionViewController.swift */,
			);
			path = Feed;
			sourceTree = "<group>";
		};
		F927ED6A2610391000EAB8E3 /* Vendor */ = {
			isa = PBXGroup;
			children = (
				F927ED6B2610395300EAB8E3 /* DanmakuKit */,
			);
			path = Vendor;
			sourceTree = "<group>";
		};
		F927ED6B2610395300EAB8E3 /* DanmakuKit */ = {
			isa = PBXGroup;
			children = (
				F927ED6C2610395300EAB8E3 /* DanmakuCell.swift */,
				F927ED6D2610395300EAB8E3 /* DanmakuView.swift */,
				F927ED6E2610395300EAB8E3 /* DanmakuAsyncLayer.swift */,
				F927ED702610395300EAB8E3 /* DanmakuQueuePool.swift */,
				F927ED712610395300EAB8E3 /* DanmakuTrack.swift */,
				F927ED722610395300EAB8E3 /* DanmakuCellModel.swift */,
				F927ED8626103CFA00EAB8E3 /* DanmakuTextCell.swift */,
				F927ED8726103CFA00EAB8E3 /* DanmakuTextCellModel.swift */,
			);
			path = DanmakuKit;
			sourceTree = "<group>";
		};
		F99D28EC2619F4D500F8E66A /* Player */ = {
			isa = PBXGroup;
			children = (
				49E5F84F28AF73C500FAA3CE /* BilibiliVideoResourceLoaderDelegate.swift */,
				F99D28E02619591300F8E66A /* CommonPlayerViewController.swift */,
				49FB8EE829208EBE0045D5DE /* SidxParseUtil.swift */,
			);
			path = Player;
			sourceTree = "<group>";
		};
		F9B57347260F5F7400771ED5 = {
			isa = PBXGroup;
			children = (
				F9B57352260F5F7400771ED5 /* BilibiliLive */,
				F9B57351260F5F7400771ED5 /* Products */,
			);
			sourceTree = "<group>";
		};
		F9B57351260F5F7400771ED5 /* Products */ = {
			isa = PBXGroup;
			children = (
				F9B57350260F5F7400771ED5 /* BilibiliLive.app */,
			);
			name = Products;
			sourceTree = "<group>";
		};
		F9B57352260F5F7400771ED5 /* BilibiliLive */ = {
			isa = PBXGroup;
			children = (
				49389D6028AFE91E00B9DAFD /* Extensions */,
				49D39F26263AD3F100F14497 /* Request */,
				AEA6AB1228FFE45A007CE72E /* Component */,
				AEA6AB1328FFE47F007CE72E /* Module */,
				F9B57353260F5F7400771ED5 /* AppDelegate.swift */,
				F9B57357260F5F7400771ED5 /* Main.storyboard */,
				F927ED8C2610A5A800EAB8E3 /* LoginViewController.swift */,
				F9B9EAE6261AC6F80045C2C6 /* BLTabBarViewController.swift */,
				F927ED6A2610391000EAB8E3 /* Vendor */,
				2D3CD3F72635BD7000191419 /* Supporting Files */,
				496400D22943431E0098ACA6 /* Logger.swift */,
			);
			path = BilibiliLive;
			sourceTree = "<group>";
		};
/* End PBXGroup section */

/* Begin PBXNativeTarget section */
		F9B5734F260F5F7400771ED5 /* BilibiliLive */ = {
			isa = PBXNativeTarget;
			buildConfigurationList = F9B57362260F5F7600771ED5 /* Build configuration list for PBXNativeTarget "BilibiliLive" */;
			buildPhases = (
				4947421429050FAF005D6885 /* Swift formate */,
				F9B5734C260F5F7400771ED5 /* Sources */,
				F9B5734D260F5F7400771ED5 /* Frameworks */,
				F9B5734E260F5F7400771ED5 /* Resources */,
				499C75F7293096EC003160FB /* Embed Frameworks */,
			);
			buildRules = (
			);
			dependencies = (
			);
			name = BilibiliLive;
			packageProductDependencies = (
				F9B5736D260F652C00771ED5 /* Alamofire */,
				F9B57372260F6B8E00771ED5 /* Starscream */,
				F9B57377260F6BB400771ED5 /* SwiftyJSON */,
				F927ED64260F917D00EAB8E3 /* Gzip */,
				F927ED9E2610B5C300EAB8E3 /* Kingfisher */,
				F9171D5E2900FCFB002868C7 /* SnapKit */,
				494741C229016CCE005D6885 /* MarqueeLabel */,
				49735023290D0E8A0045C26B /* Fuzi */,
				49078E46291BEA2400F556BD /* PocketSVG */,
				499C75EB293058C9003160FB /* CocoaAsyncSocket */,
				499C76122931A781003160FB /* Swifter */,
				499C76152931A7AE003160FB /* SwiftyXMLParser */,
				49508E0E2943420100D26812 /* CocoaLumberjack */,
				49508E102943420100D26812 /* CocoaLumberjackSwift */,
			);
			productName = BilibiliLive;
			productReference = F9B57350260F5F7400771ED5 /* BilibiliLive.app */;
			productType = "com.apple.product-type.application";
		};
/* End PBXNativeTarget section */

/* Begin PBXProject section */
		F9B57348260F5F7400771ED5 /* Project object */ = {
			isa = PBXProject;
			attributes = {
				LastSwiftUpdateCheck = 1240;
				LastUpgradeCheck = 1240;
				TargetAttributes = {
					F9B5734F260F5F7400771ED5 = {
						CreatedOnToolsVersion = 12.4;
						LastSwiftMigration = 1240;
					};
				};
			};
			buildConfigurationList = F9B5734B260F5F7400771ED5 /* Build configuration list for PBXProject "BilibiliLive" */;
			compatibilityVersion = "Xcode 9.3";
			developmentRegion = en;
			hasScannedForEncodings = 0;
			knownRegions = (
				en,
				Base,
				"zh-Hans",
			);
			mainGroup = F9B57347260F5F7400771ED5;
			packageReferences = (
				F9B5736C260F652C00771ED5 /* XCRemoteSwiftPackageReference "Alamofire" */,
				F9B57371260F6B8E00771ED5 /* XCRemoteSwiftPackageReference "Starscream" */,
				F9B57376260F6BB400771ED5 /* XCRemoteSwiftPackageReference "SwiftyJSON" */,
				F927ED63260F917D00EAB8E3 /* XCRemoteSwiftPackageReference "GzipSwift" */,
				F927ED9D2610B5C300EAB8E3 /* XCRemoteSwiftPackageReference "Kingfisher" */,
				F9171D5D2900FCFB002868C7 /* XCRemoteSwiftPackageReference "SnapKit" */,
				494741C129016CCE005D6885 /* XCRemoteSwiftPackageReference "MarqueeLabel" */,
				49735022290D0E8A0045C26B /* XCRemoteSwiftPackageReference "Fuzi" */,
				49078E45291BEA2400F556BD /* XCRemoteSwiftPackageReference "PocketSVG" */,
				499C75EA293058C9003160FB /* XCRemoteSwiftPackageReference "CocoaAsyncSocket" */,
				499C76112931A780003160FB /* XCRemoteSwiftPackageReference "swifter" */,
				499C76142931A7AE003160FB /* XCRemoteSwiftPackageReference "SwiftyXMLParser" */,
				49508E0D2943420100D26812 /* XCRemoteSwiftPackageReference "CocoaLumberjack" */,
			);
			productRefGroup = F9B57351260F5F7400771ED5 /* Products */;
			projectDirPath = "";
			projectRoot = "";
			targets = (
				F9B5734F260F5F7400771ED5 /* BilibiliLive */,
			);
		};
/* End PBXProject section */

/* Begin PBXResourcesBuildPhase section */
		F9B5734E260F5F7400771ED5 /* Resources */ = {
			isa = PBXResourcesBuildPhase;
			buildActionMask = 2147483647;
			files = (
				49F918702931E473001D3EC3 /* NirvanaControl.xml in Resources */,
				49F918722931E927001D3EC3 /* AvTransportScpd.xml in Resources */,
				F9B5735E260F5F7600771ED5 /* LaunchScreen.storyboard in Resources */,
				F9B5735B260F5F7600771ED5 /* Assets.xcassets in Resources */,
				49F9186E2931E3C9001D3EC3 /* DLNAInfo.xml in Resources */,
				F9B57359260F5F7400771ED5 /* Main.storyboard in Resources */,
			);
			runOnlyForDeploymentPostprocessing = 0;
		};
/* End PBXResourcesBuildPhase section */

/* Begin PBXShellScriptBuildPhase section */
		4947421429050FAF005D6885 /* Swift formate */ = {
			isa = PBXShellScriptBuildPhase;
			alwaysOutOfDate = 1;
			buildActionMask = 2147483647;
			files = (
			);
			inputFileListPaths = (
			);
			inputPaths = (
			);
			name = "Swift formate";
			outputFileListPaths = (
			);
			outputPaths = (
			);
			runOnlyForDeploymentPostprocessing = 0;
			shellPath = /bin/sh;
			shellScript = "cd BuildTools\nSDKROOT=(xcrun --sdk macosx --show-sdk-path)\nswift run -c release swiftformat --disable unusedArguments,numberFormatting,redundantReturn,andOperator,anyObjectProtocol,trailingClosures,redundantFileprivate --ranges nospace --swiftversion 5 \"$SRCROOT\"\n";
		};
/* End PBXShellScriptBuildPhase section */

/* Begin PBXSourcesBuildPhase section */
		F9B5734C260F5F7400771ED5 /* Sources */ = {
			isa = PBXSourcesBuildPhase;
			buildActionMask = 2147483647;
			files = (
				F9B9EAED261B25E40045C2C6 /* ToViewViewController.swift in Sources */,
				4973502B29161B770045C26B /* WeeklyWatchViewController.swift in Sources */,
				AE7A3B20290298BE006FEBB0 /* Colors.swift in Sources */,
				49FB8EC0291F4C520045D5DE /* VMaskProvider.swift in Sources */,
				49E5F85028AF73C500FAA3CE /* BilibiliVideoResourceLoaderDelegate.swift in Sources */,
				494741C82902C45D005D6885 /* Array+..swift in Sources */,
				AEA6AB1628FFE951007CE72E /* SettingsViewController.swift in Sources */,
				49389D8928B0A1B700B9DAFD /* UIViewController+Ext.swift in Sources */,
				AE2B41572914C02000BF2B0B /* Int.swift in Sources */,
				F90AAE04265549B5008DE7C2 /* FeedViewController.swift in Sources */,
				2DBE4C4D2628818F00D20413 /* HistoryViewController.swift in Sources */,
				F9171D6629026AC5002868C7 /* TitleSupplementaryView.swift in Sources */,
				F9B9EAE7261AC6F80045C2C6 /* BLTabBarViewController.swift in Sources */,
				F9562C92261A0D2200573B74 /* VideoPlayerViewController.swift in Sources */,
				F99D28EA26195EC200F8E66A /* UIView+Layout.swift in Sources */,
				49FB8EE929208EBE0045D5DE /* SidxParseUtil.swift in Sources */,
				F9171D6129010429002868C7 /* UICollectionView+..swift in Sources */,
				AE2B41552912706700BF2B0B /* SearchResultViewController.swift in Sources */,
				499C75EE29305A1E003160FB /* BiliBiliUpnpDMR.swift in Sources */,
				4947423B2906B308005D6885 /* BLTextOnlyCollectionViewCell.swift in Sources */,
				F927ED8D2610A5A800EAB8E3 /* LoginViewController.swift in Sources */,
				F9B9EAEA261B15020045C2C6 /* FeedCollectionViewController.swift in Sources */,
				490425F729AB54B200CDBC60 /* CategoryViewController.swift in Sources */,
				4973502D29162A6D0045C26B /* StandardVideoCollectionViewController.swift in Sources */,
				F927ED752610395300EAB8E3 /* DanmakuAsyncLayer.swift in Sources */,
				49389D6228AFEA2900B9DAFD /* VideoDanmuProvider.swift in Sources */,
				AEA5FDE2290F6E2600E7C0B2 /* String.swift in Sources */,
				F927ED682610113A00EAB8E3 /* LiveDanMuProvider.swift in Sources */,
				49474213290509F6005D6885 /* DateFormatter.swift in Sources */,
				F927ED742610395300EAB8E3 /* DanmakuView.swift in Sources */,
				F927ED782610395300EAB8E3 /* DanmakuTrack.swift in Sources */,
				499C760F2930E068003160FB /* NVASocket.swift in Sources */,
				494742112905053E005D6885 /* BLMotionCollectionViewCell.swift in Sources */,
				494741E7290391A7005D6885 /* BLButton.swift in Sources */,
				F927ED992610AD8D00EAB8E3 /* LiveViewController.swift in Sources */,
				490EC3E7290CC8F8001E00B6 /* RankingViewController.swift in Sources */,
				F927ED732610395300EAB8E3 /* DanmakuCell.swift in Sources */,
				49389D8C28B0A84500B9DAFD /* PersonalViewController.swift in Sources */,
				F927ED772610395300EAB8E3 /* DanmakuQueuePool.swift in Sources */,
				49A441CD293F6DFD0007606C /* FollowUpsViewController.swift in Sources */,
				AEA6AB1928FFF3DD007CE72E /* Settings.swift in Sources */,
				494741C6290177BB005D6885 /* UpSpaceViewController.swift in Sources */,
				49DA01A0296C466C00EEAE15 /* AVInfoPanelCollectionViewThumbnailCell+Hook.swift in Sources */,
				492731EE29096677005F5B0A /* HotViewController.swift in Sources */,
				F927ED8926103CFB00EAB8E3 /* DanmakuTextCellModel.swift in Sources */,
				49D39F28263AD40000F14497 /* WebRequest.swift in Sources */,
				498DB1DF291BC24700F95607 /* BMaskProvider.swift in Sources */,
				494741C029002797005D6885 /* UserDefault+..swift in Sources */,
				F99D28E12619591300F8E66A /* CommonPlayerViewController.swift in Sources */,
				AE4889B228FE55DA00E8C5CD /* FavoriteViewController.swift in Sources */,
				F9B57356260F5F7400771ED5 /* LivePlayerViewController.swift in Sources */,
				490EC3EB290CFEBD001E00B6 /* Anime1ViewController.swift in Sources */,
				F99D28F72619F5F000F8E66A /* FollowsViewController.swift in Sources */,
				F9D382B426359EF90070508F /* ApiRequest.swift in Sources */,
				490EC3E9290CE23E001E00B6 /* BLSettingLineCollectionViewCell.swift in Sources */,
				F9B57354260F5F7400771ED5 /* AppDelegate.swift in Sources */,
				F9EDADD3262AA421007CB99F /* VideoDetailViewController.swift in Sources */,
				496400D32943431E0098ACA6 /* Logger.swift in Sources */,
				F927ED8826103CFB00EAB8E3 /* DanmakuTextCell.swift in Sources */,
				F9171D6429010DF1002868C7 /* FeedCollectionViewCell.swift in Sources */,
				F927ED902610A5E900EAB8E3 /* CookieManager.swift in Sources */,
				F927ED792610395400EAB8E3 /* DanmakuCellModel.swift in Sources */,
			);
			runOnlyForDeploymentPostprocessing = 0;
		};
/* End PBXSourcesBuildPhase section */

/* Begin PBXVariantGroup section */
		F9B57357260F5F7400771ED5 /* Main.storyboard */ = {
			isa = PBXVariantGroup;
			children = (
				F9B57358260F5F7400771ED5 /* Base */,
				4947420E2904ECE8005D6885 /* zh-Hans */,
			);
			name = Main.storyboard;
			sourceTree = "<group>";
		};
		F9B5735C260F5F7600771ED5 /* LaunchScreen.storyboard */ = {
			isa = PBXVariantGroup;
			children = (
				F9B5735D260F5F7600771ED5 /* Base */,
				4947420F2904ECE8005D6885 /* zh-Hans */,
			);
			name = LaunchScreen.storyboard;
			sourceTree = "<group>";
		};
/* End PBXVariantGroup section */

/* Begin XCBuildConfiguration section */
		F9B57360260F5F7600771ED5 /* Debug */ = {
			isa = XCBuildConfiguration;
			buildSettings = {
				ALWAYS_SEARCH_USER_PATHS = NO;
				CLANG_ANALYZER_LOCALIZABILITY_NONLOCALIZED = YES;
				CLANG_ANALYZER_NONNULL = YES;
				CLANG_ANALYZER_NUMBER_OBJECT_CONVERSION = YES_AGGRESSIVE;
				CLANG_CXX_LANGUAGE_STANDARD = "gnu++14";
				CLANG_CXX_LIBRARY = "libc++";
				CLANG_ENABLE_MODULES = YES;
				CLANG_ENABLE_OBJC_ARC = YES;
				CLANG_ENABLE_OBJC_WEAK = YES;
				CLANG_WARN_BLOCK_CAPTURE_AUTORELEASING = YES;
				CLANG_WARN_BOOL_CONVERSION = YES;
				CLANG_WARN_COMMA = YES;
				CLANG_WARN_CONSTANT_CONVERSION = YES;
				CLANG_WARN_DEPRECATED_OBJC_IMPLEMENTATIONS = YES;
				CLANG_WARN_DIRECT_OBJC_ISA_USAGE = YES_ERROR;
				CLANG_WARN_DOCUMENTATION_COMMENTS = YES;
				CLANG_WARN_EMPTY_BODY = YES;
				CLANG_WARN_ENUM_CONVERSION = YES;
				CLANG_WARN_INFINITE_RECURSION = YES;
				CLANG_WARN_INT_CONVERSION = YES;
				CLANG_WARN_NON_LITERAL_NULL_CONVERSION = YES;
				CLANG_WARN_OBJC_IMPLICIT_RETAIN_SELF = YES;
				CLANG_WARN_OBJC_LITERAL_CONVERSION = YES;
				CLANG_WARN_OBJC_ROOT_CLASS = YES_ERROR;
				CLANG_WARN_QUOTED_INCLUDE_IN_FRAMEWORK_HEADER = YES;
				CLANG_WARN_RANGE_LOOP_ANALYSIS = YES;
				CLANG_WARN_STRICT_PROTOTYPES = YES;
				CLANG_WARN_SUSPICIOUS_MOVE = YES;
				CLANG_WARN_UNGUARDED_AVAILABILITY = YES_AGGRESSIVE;
				CLANG_WARN_UNREACHABLE_CODE = YES;
				CLANG_WARN__DUPLICATE_METHOD_MATCH = YES;
				COPY_PHASE_STRIP = NO;
				DEBUG_INFORMATION_FORMAT = dwarf;
				ENABLE_STRICT_OBJC_MSGSEND = YES;
				ENABLE_TESTABILITY = YES;
				GCC_C_LANGUAGE_STANDARD = gnu11;
				GCC_DYNAMIC_NO_PIC = NO;
				GCC_NO_COMMON_BLOCKS = YES;
				GCC_OPTIMIZATION_LEVEL = 0;
				GCC_PREPROCESSOR_DEFINITIONS = (
					"DEBUG=1",
					"$(inherited)",
				);
				GCC_WARN_64_TO_32_BIT_CONVERSION = YES;
				GCC_WARN_ABOUT_RETURN_TYPE = YES_ERROR;
				GCC_WARN_UNDECLARED_SELECTOR = YES;
				GCC_WARN_UNINITIALIZED_AUTOS = YES_AGGRESSIVE;
				GCC_WARN_UNUSED_FUNCTION = YES;
				GCC_WARN_UNUSED_VARIABLE = YES;
				MTL_ENABLE_DEBUG_INFO = INCLUDE_SOURCE;
				MTL_FAST_MATH = YES;
				ONLY_ACTIVE_ARCH = YES;
				SDKROOT = appletvos;
				SWIFT_ACTIVE_COMPILATION_CONDITIONS = DEBUG;
				SWIFT_OPTIMIZATION_LEVEL = "-Onone";
				TVOS_DEPLOYMENT_TARGET = 14.3;
			};
			name = Debug;
		};
		F9B57361260F5F7600771ED5 /* Release */ = {
			isa = XCBuildConfiguration;
			buildSettings = {
				ALWAYS_SEARCH_USER_PATHS = NO;
				CLANG_ANALYZER_LOCALIZABILITY_NONLOCALIZED = YES;
				CLANG_ANALYZER_NONNULL = YES;
				CLANG_ANALYZER_NUMBER_OBJECT_CONVERSION = YES_AGGRESSIVE;
				CLANG_CXX_LANGUAGE_STANDARD = "gnu++14";
				CLANG_CXX_LIBRARY = "libc++";
				CLANG_ENABLE_MODULES = YES;
				CLANG_ENABLE_OBJC_ARC = YES;
				CLANG_ENABLE_OBJC_WEAK = YES;
				CLANG_WARN_BLOCK_CAPTURE_AUTORELEASING = YES;
				CLANG_WARN_BOOL_CONVERSION = YES;
				CLANG_WARN_COMMA = YES;
				CLANG_WARN_CONSTANT_CONVERSION = YES;
				CLANG_WARN_DEPRECATED_OBJC_IMPLEMENTATIONS = YES;
				CLANG_WARN_DIRECT_OBJC_ISA_USAGE = YES_ERROR;
				CLANG_WARN_DOCUMENTATION_COMMENTS = YES;
				CLANG_WARN_EMPTY_BODY = YES;
				CLANG_WARN_ENUM_CONVERSION = YES;
				CLANG_WARN_INFINITE_RECURSION = YES;
				CLANG_WARN_INT_CONVERSION = YES;
				CLANG_WARN_NON_LITERAL_NULL_CONVERSION = YES;
				CLANG_WARN_OBJC_IMPLICIT_RETAIN_SELF = YES;
				CLANG_WARN_OBJC_LITERAL_CONVERSION = YES;
				CLANG_WARN_OBJC_ROOT_CLASS = YES_ERROR;
				CLANG_WARN_QUOTED_INCLUDE_IN_FRAMEWORK_HEADER = YES;
				CLANG_WARN_RANGE_LOOP_ANALYSIS = YES;
				CLANG_WARN_STRICT_PROTOTYPES = YES;
				CLANG_WARN_SUSPICIOUS_MOVE = YES;
				CLANG_WARN_UNGUARDED_AVAILABILITY = YES_AGGRESSIVE;
				CLANG_WARN_UNREACHABLE_CODE = YES;
				CLANG_WARN__DUPLICATE_METHOD_MATCH = YES;
				COPY_PHASE_STRIP = NO;
				DEBUG_INFORMATION_FORMAT = "dwarf-with-dsym";
				ENABLE_NS_ASSERTIONS = NO;
				ENABLE_STRICT_OBJC_MSGSEND = YES;
				GCC_C_LANGUAGE_STANDARD = gnu11;
				GCC_NO_COMMON_BLOCKS = YES;
				GCC_WARN_64_TO_32_BIT_CONVERSION = YES;
				GCC_WARN_ABOUT_RETURN_TYPE = YES_ERROR;
				GCC_WARN_UNDECLARED_SELECTOR = YES;
				GCC_WARN_UNINITIALIZED_AUTOS = YES_AGGRESSIVE;
				GCC_WARN_UNUSED_FUNCTION = YES;
				GCC_WARN_UNUSED_VARIABLE = YES;
				MTL_ENABLE_DEBUG_INFO = NO;
				MTL_FAST_MATH = YES;
				SDKROOT = appletvos;
				SWIFT_COMPILATION_MODE = wholemodule;
				SWIFT_OPTIMIZATION_LEVEL = "-O";
				TVOS_DEPLOYMENT_TARGET = 14.3;
				VALIDATE_PRODUCT = YES;
			};
			name = Release;
		};
		F9B57363260F5F7600771ED5 /* Debug */ = {
			isa = XCBuildConfiguration;
			buildSettings = {
				ASSETCATALOG_COMPILER_APPICON_NAME = "App Icon & Top Shelf Image";
				ASSETCATALOG_COMPILER_GLOBAL_ACCENT_COLOR_NAME = AccentColor;
				CLANG_ENABLE_MODULES = YES;
				CODE_SIGN_STYLE = Automatic;
				DEVELOPMENT_TEAM = MEWHFZ92DY;
				FRAMEWORK_SEARCH_PATHS = (
					"$(inherited)",
					"$(PROJECT_DIR)/BilibiliLive/Vendor",
					"$(PROJECT_DIR)/BilibiliLive/Vendor/DanmakuKit",
				);
				INFOPLIST_FILE = "BilibiliLive/Supporting Files/Info.plist";
				LD_RUNPATH_SEARCH_PATHS = (
					"$(inherited)",
					"@executable_path/Frameworks",
				);
				LIBRARY_SEARCH_PATHS = (
					"$(inherited)",
					"$(PROJECT_DIR)/BilibiliLive/Vendor",
				);
				PRODUCT_BUNDLE_IDENTIFIER = com.etan.tv.BilibiliLive;
				PRODUCT_NAME = "$(TARGET_NAME)";
				SWIFT_OBJC_BRIDGING_HEADER = "BilibiliLive/Supporting Files/BilibiliLive-Bridging-Header.h";
				SWIFT_OPTIMIZATION_LEVEL = "-Onone";
				SWIFT_VERSION = 5.0;
				TARGETED_DEVICE_FAMILY = 3;
				TVOS_DEPLOYMENT_TARGET = 15.0;
			};
			name = Debug;
		};
		F9B57364260F5F7600771ED5 /* Release */ = {
			isa = XCBuildConfiguration;
			buildSettings = {
				ASSETCATALOG_COMPILER_APPICON_NAME = "App Icon & Top Shelf Image";
				ASSETCATALOG_COMPILER_GLOBAL_ACCENT_COLOR_NAME = AccentColor;
				CLANG_ENABLE_MODULES = YES;
				CODE_SIGN_STYLE = Automatic;
				DEVELOPMENT_TEAM = MEWHFZ92DY;
				FRAMEWORK_SEARCH_PATHS = (
					"$(inherited)",
					"$(PROJECT_DIR)/BilibiliLive/Vendor",
					"$(PROJECT_DIR)/BilibiliLive/Vendor/DanmakuKit",
				);
				INFOPLIST_FILE = "BilibiliLive/Supporting Files/Info.plist";
				LD_RUNPATH_SEARCH_PATHS = (
					"$(inherited)",
					"@executable_path/Frameworks",
				);
				LIBRARY_SEARCH_PATHS = (
					"$(inherited)",
					"$(PROJECT_DIR)/BilibiliLive/Vendor",
				);
				PRODUCT_BUNDLE_IDENTIFIER = com.etan.tv.BilibiliLive;
				PRODUCT_NAME = "$(TARGET_NAME)";
				SWIFT_OBJC_BRIDGING_HEADER = "BilibiliLive/Supporting Files/BilibiliLive-Bridging-Header.h";
				SWIFT_VERSION = 5.0;
				TARGETED_DEVICE_FAMILY = 3;
				TVOS_DEPLOYMENT_TARGET = 15.0;
			};
			name = Release;
		};
/* End XCBuildConfiguration section */

/* Begin XCConfigurationList section */
		F9B5734B260F5F7400771ED5 /* Build configuration list for PBXProject "BilibiliLive" */ = {
			isa = XCConfigurationList;
			buildConfigurations = (
				F9B57360260F5F7600771ED5 /* Debug */,
				F9B57361260F5F7600771ED5 /* Release */,
			);
			defaultConfigurationIsVisible = 0;
			defaultConfigurationName = Release;
		};
		F9B57362260F5F7600771ED5 /* Build configuration list for PBXNativeTarget "BilibiliLive" */ = {
			isa = XCConfigurationList;
			buildConfigurations = (
				F9B57363260F5F7600771ED5 /* Debug */,
				F9B57364260F5F7600771ED5 /* Release */,
			);
			defaultConfigurationIsVisible = 0;
			defaultConfigurationName = Release;
		};
/* End XCConfigurationList section */

/* Begin XCRemoteSwiftPackageReference section */
		49078E45291BEA2400F556BD /* XCRemoteSwiftPackageReference "PocketSVG" */ = {
			isa = XCRemoteSwiftPackageReference;
			repositoryURL = "https://github.com/pocketsvg/PocketSVG.git";
			requirement = {
				branch = master;
				kind = branch;
			};
		};
		494741C129016CCE005D6885 /* XCRemoteSwiftPackageReference "MarqueeLabel" */ = {
			isa = XCRemoteSwiftPackageReference;
			repositoryURL = "https://github.com/cbpowell/MarqueeLabel";
			requirement = {
				branch = master;
				kind = branch;
			};
		};
		49508E0D2943420100D26812 /* XCRemoteSwiftPackageReference "CocoaLumberjack" */ = {
			isa = XCRemoteSwiftPackageReference;
			repositoryURL = "https://github.com/CocoaLumberjack/CocoaLumberjack.git";
			requirement = {
				kind = upToNextMajorVersion;
				minimumVersion = 3.0.0;
			};
		};
		49735022290D0E8A0045C26B /* XCRemoteSwiftPackageReference "Fuzi" */ = {
			isa = XCRemoteSwiftPackageReference;
			repositoryURL = "https://github.com/cezheng/Fuzi";
			requirement = {
				kind = upToNextMajorVersion;
				minimumVersion = 3.0.0;
			};
		};
		499C75EA293058C9003160FB /* XCRemoteSwiftPackageReference "CocoaAsyncSocket" */ = {
			isa = XCRemoteSwiftPackageReference;
			repositoryURL = "https://github.com/robbiehanson/CocoaAsyncSocket.git";
			requirement = {
				kind = upToNextMajorVersion;
				minimumVersion = 7.0.0;
			};
		};
		499C76112931A780003160FB /* XCRemoteSwiftPackageReference "swifter" */ = {
			isa = XCRemoteSwiftPackageReference;
			repositoryURL = "https://github.com/yichengchen/swifter.git";
			requirement = {
				branch = stable;
				kind = branch;
			};
		};
		499C76142931A7AE003160FB /* XCRemoteSwiftPackageReference "SwiftyXMLParser" */ = {
			isa = XCRemoteSwiftPackageReference;
			repositoryURL = "https://github.com/yahoojapan/SwiftyXMLParser";
			requirement = {
				kind = upToNextMajorVersion;
				minimumVersion = 5.0.0;
			};
		};
		F9171D5D2900FCFB002868C7 /* XCRemoteSwiftPackageReference "SnapKit" */ = {
			isa = XCRemoteSwiftPackageReference;
			repositoryURL = "https://github.com/SnapKit/SnapKit";
			requirement = {
				kind = upToNextMajorVersion;
				minimumVersion = 5.0.0;
			};
		};
		F927ED63260F917D00EAB8E3 /* XCRemoteSwiftPackageReference "GzipSwift" */ = {
			isa = XCRemoteSwiftPackageReference;
			repositoryURL = "https://github.com/1024jp/GzipSwift";
			requirement = {
				kind = upToNextMajorVersion;
				minimumVersion = 5.1.1;
			};
		};
		F927ED9D2610B5C300EAB8E3 /* XCRemoteSwiftPackageReference "Kingfisher" */ = {
			isa = XCRemoteSwiftPackageReference;
			repositoryURL = "https://github.com/onevcat/Kingfisher.git";
			requirement = {
				kind = upToNextMajorVersion;
				minimumVersion = 6.2.1;
			};
		};
		F9B5736C260F652C00771ED5 /* XCRemoteSwiftPackageReference "Alamofire" */ = {
			isa = XCRemoteSwiftPackageReference;
			repositoryURL = "https://github.com/Alamofire/Alamofire.git";
			requirement = {
				kind = upToNextMajorVersion;
				minimumVersion = 5.4.1;
			};
		};
		F9B57371260F6B8E00771ED5 /* XCRemoteSwiftPackageReference "Starscream" */ = {
			isa = XCRemoteSwiftPackageReference;
			repositoryURL = "https://github.com/daltoniam/Starscream.git";
			requirement = {
				kind = upToNextMajorVersion;
				minimumVersion = 4.0.4;
			};
		};
		F9B57376260F6BB400771ED5 /* XCRemoteSwiftPackageReference "SwiftyJSON" */ = {
			isa = XCRemoteSwiftPackageReference;
			repositoryURL = "https://github.com/SwiftyJSON/SwiftyJSON.git";
			requirement = {
				kind = upToNextMajorVersion;
				minimumVersion = 5.0.0;
			};
		};
/* End XCRemoteSwiftPackageReference section */

/* Begin XCSwiftPackageProductDependency section */
		49078E46291BEA2400F556BD /* PocketSVG */ = {
			isa = XCSwiftPackageProductDependency;
			package = 49078E45291BEA2400F556BD /* XCRemoteSwiftPackageReference "PocketSVG" */;
			productName = PocketSVG;
		};
		494741C229016CCE005D6885 /* MarqueeLabel */ = {
			isa = XCSwiftPackageProductDependency;
			package = 494741C129016CCE005D6885 /* XCRemoteSwiftPackageReference "MarqueeLabel" */;
			productName = MarqueeLabel;
		};
		49508E0E2943420100D26812 /* CocoaLumberjack */ = {
			isa = XCSwiftPackageProductDependency;
			package = 49508E0D2943420100D26812 /* XCRemoteSwiftPackageReference "CocoaLumberjack" */;
			productName = CocoaLumberjack;
		};
		49508E102943420100D26812 /* CocoaLumberjackSwift */ = {
			isa = XCSwiftPackageProductDependency;
			package = 49508E0D2943420100D26812 /* XCRemoteSwiftPackageReference "CocoaLumberjack" */;
			productName = CocoaLumberjackSwift;
		};
		49735023290D0E8A0045C26B /* Fuzi */ = {
			isa = XCSwiftPackageProductDependency;
			package = 49735022290D0E8A0045C26B /* XCRemoteSwiftPackageReference "Fuzi" */;
			productName = Fuzi;
		};
		499C75EB293058C9003160FB /* CocoaAsyncSocket */ = {
			isa = XCSwiftPackageProductDependency;
			package = 499C75EA293058C9003160FB /* XCRemoteSwiftPackageReference "CocoaAsyncSocket" */;
			productName = CocoaAsyncSocket;
		};
		499C76122931A781003160FB /* Swifter */ = {
			isa = XCSwiftPackageProductDependency;
			package = 499C76112931A780003160FB /* XCRemoteSwiftPackageReference "swifter" */;
			productName = Swifter;
		};
		499C76152931A7AE003160FB /* SwiftyXMLParser */ = {
			isa = XCSwiftPackageProductDependency;
			package = 499C76142931A7AE003160FB /* XCRemoteSwiftPackageReference "SwiftyXMLParser" */;
			productName = SwiftyXMLParser;
		};
		F9171D5E2900FCFB002868C7 /* SnapKit */ = {
			isa = XCSwiftPackageProductDependency;
			package = F9171D5D2900FCFB002868C7 /* XCRemoteSwiftPackageReference "SnapKit" */;
			productName = SnapKit;
		};
		F927ED64260F917D00EAB8E3 /* Gzip */ = {
			isa = XCSwiftPackageProductDependency;
			package = F927ED63260F917D00EAB8E3 /* XCRemoteSwiftPackageReference "GzipSwift" */;
			productName = Gzip;
		};
		F927ED9E2610B5C300EAB8E3 /* Kingfisher */ = {
			isa = XCSwiftPackageProductDependency;
			package = F927ED9D2610B5C300EAB8E3 /* XCRemoteSwiftPackageReference "Kingfisher" */;
			productName = Kingfisher;
		};
		F9B5736D260F652C00771ED5 /* Alamofire */ = {
			isa = XCSwiftPackageProductDependency;
			package = F9B5736C260F652C00771ED5 /* XCRemoteSwiftPackageReference "Alamofire" */;
			productName = Alamofire;
		};
		F9B57372260F6B8E00771ED5 /* Starscream */ = {
			isa = XCSwiftPackageProductDependency;
			package = F9B57371260F6B8E00771ED5 /* XCRemoteSwiftPackageReference "Starscream" */;
			productName = Starscream;
		};
		F9B57377260F6BB400771ED5 /* SwiftyJSON */ = {
			isa = XCSwiftPackageProductDependency;
			package = F9B57376260F6BB400771ED5 /* XCRemoteSwiftPackageReference "SwiftyJSON" */;
			productName = SwiftyJSON;
		};
/* End XCSwiftPackageProductDependency section */
	};
	rootObject = F9B57348260F5F7400771ED5 /* Project object */;
}
