// !$*UTF8*$!
{
	archiveVersion = 1;
	classes = {
	};
	objectVersion = 52;
	objects = {

/* Begin PBXBuildFile section */
		F50FE664EF75537A1BC46005 /* Pods_BilibiliLive.framework in Frameworks */ = {isa = PBXBuildFile; fileRef = D8B892306AA70BC7C98A7C2C /* Pods_BilibiliLive.framework */; };
		F927ED65260F917D00EAB8E3 /* Gzip in Frameworks */ = {isa = PBXBuildFile; productRef = F927ED64260F917D00EAB8E3 /* Gzip */; };
		F927ED682610113A00EAB8E3 /* LiveDanMuProvider.swift in Sources */ = {isa = PBXBuildFile; fileRef = F927ED672610113A00EAB8E3 /* LiveDanMuProvider.swift */; };
		F927ED732610395300EAB8E3 /* DanmakuCell.swift in Sources */ = {isa = PBXBuildFile; fileRef = F927ED6C2610395300EAB8E3 /* DanmakuCell.swift */; };
		F927ED742610395300EAB8E3 /* DanmakuView.swift in Sources */ = {isa = PBXBuildFile; fileRef = F927ED6D2610395300EAB8E3 /* DanmakuView.swift */; };
		F927ED752610395300EAB8E3 /* DanmakuAsyncLayer.swift in Sources */ = {isa = PBXBuildFile; fileRef = F927ED6E2610395300EAB8E3 /* DanmakuAsyncLayer.swift */; };
		F927ED762610395300EAB8E3 /* .gitkeep in Resources */ = {isa = PBXBuildFile; fileRef = F927ED6F2610395300EAB8E3 /* .gitkeep */; };
		F927ED772610395300EAB8E3 /* DanmakuQueuePool.swift in Sources */ = {isa = PBXBuildFile; fileRef = F927ED702610395300EAB8E3 /* DanmakuQueuePool.swift */; };
		F927ED782610395300EAB8E3 /* DanmakuTrack.swift in Sources */ = {isa = PBXBuildFile; fileRef = F927ED712610395300EAB8E3 /* DanmakuTrack.swift */; };
		F927ED792610395400EAB8E3 /* DanmakuCellModel.swift in Sources */ = {isa = PBXBuildFile; fileRef = F927ED722610395300EAB8E3 /* DanmakuCellModel.swift */; };
		F927ED8826103CFB00EAB8E3 /* DanmakuTextCell.swift in Sources */ = {isa = PBXBuildFile; fileRef = F927ED8626103CFA00EAB8E3 /* DanmakuTextCell.swift */; };
		F927ED8926103CFB00EAB8E3 /* DanmakuTextCellModel.swift in Sources */ = {isa = PBXBuildFile; fileRef = F927ED8726103CFA00EAB8E3 /* DanmakuTextCellModel.swift */; };
		F927ED8D2610A5A800EAB8E3 /* LoginViewController.swift in Sources */ = {isa = PBXBuildFile; fileRef = F927ED8C2610A5A800EAB8E3 /* LoginViewController.swift */; };
		F927ED902610A5E900EAB8E3 /* CookieManager.swift in Sources */ = {isa = PBXBuildFile; fileRef = F927ED8F2610A5E900EAB8E3 /* CookieManager.swift */; };
		F927ED992610AD8D00EAB8E3 /* HomeViewController.swift in Sources */ = {isa = PBXBuildFile; fileRef = F927ED982610AD8D00EAB8E3 /* HomeViewController.swift */; };
		F927ED9F2610B5C300EAB8E3 /* Kingfisher in Frameworks */ = {isa = PBXBuildFile; productRef = F927ED9E2610B5C300EAB8E3 /* Kingfisher */; };
		F9562C92261A0D2200573B74 /* VideoPlayerViewController.swift in Sources */ = {isa = PBXBuildFile; fileRef = F9562C91261A0D2200573B74 /* VideoPlayerViewController.swift */; };
		F99D28E12619591300F8E66A /* CommonPlayerViewController.swift in Sources */ = {isa = PBXBuildFile; fileRef = F99D28E02619591300F8E66A /* CommonPlayerViewController.swift */; };
		F99D28EA26195EC200F8E66A /* UIView+Layout.swift in Sources */ = {isa = PBXBuildFile; fileRef = F99D28E926195EC200F8E66A /* UIView+Layout.swift */; };
		F99D28EE2619F4E200F8E66A /* PlayerControlView.swift in Sources */ = {isa = PBXBuildFile; fileRef = F99D28ED2619F4E200F8E66A /* PlayerControlView.swift */; };
		F99D28F72619F5F000F8E66A /* FeedViewController.swift in Sources */ = {isa = PBXBuildFile; fileRef = F99D28F62619F5F000F8E66A /* FeedViewController.swift */; };
		F9B57354260F5F7400771ED5 /* AppDelegate.swift in Sources */ = {isa = PBXBuildFile; fileRef = F9B57353260F5F7400771ED5 /* AppDelegate.swift */; };
		F9B57356260F5F7400771ED5 /* LivePlayerViewController.swift in Sources */ = {isa = PBXBuildFile; fileRef = F9B57355260F5F7400771ED5 /* LivePlayerViewController.swift */; };
		F9B57359260F5F7400771ED5 /* Main.storyboard in Resources */ = {isa = PBXBuildFile; fileRef = F9B57357260F5F7400771ED5 /* Main.storyboard */; };
		F9B5735B260F5F7600771ED5 /* Assets.xcassets in Resources */ = {isa = PBXBuildFile; fileRef = F9B5735A260F5F7600771ED5 /* Assets.xcassets */; };
		F9B5735E260F5F7600771ED5 /* LaunchScreen.storyboard in Resources */ = {isa = PBXBuildFile; fileRef = F9B5735C260F5F7600771ED5 /* LaunchScreen.storyboard */; };
		F9B5736E260F652C00771ED5 /* Alamofire in Frameworks */ = {isa = PBXBuildFile; productRef = F9B5736D260F652C00771ED5 /* Alamofire */; };
		F9B57373260F6B8E00771ED5 /* Starscream in Frameworks */ = {isa = PBXBuildFile; productRef = F9B57372260F6B8E00771ED5 /* Starscream */; };
		F9B57378260F6BB400771ED5 /* SwiftyJSON in Frameworks */ = {isa = PBXBuildFile; productRef = F9B57377260F6BB400771ED5 /* SwiftyJSON */; };
		F9B9EAE3261AA3400045C2C6 /* SwiftyXMLParser in Frameworks */ = {isa = PBXBuildFile; productRef = F9B9EAE2261AA3400045C2C6 /* SwiftyXMLParser */; };
		F9B9EAE7261AC6F80045C2C6 /* BLTabBarViewController.swift in Sources */ = {isa = PBXBuildFile; fileRef = F9B9EAE6261AC6F80045C2C6 /* BLTabBarViewController.swift */; };
/* End PBXBuildFile section */

/* Begin PBXFileReference section */
		93F8BE4875579938452499D0 /* Pods-BilibiliLive.release.xcconfig */ = {isa = PBXFileReference; includeInIndex = 1; lastKnownFileType = text.xcconfig; name = "Pods-BilibiliLive.release.xcconfig"; path = "Target Support Files/Pods-BilibiliLive/Pods-BilibiliLive.release.xcconfig"; sourceTree = "<group>"; };
		D8B892306AA70BC7C98A7C2C /* Pods_BilibiliLive.framework */ = {isa = PBXFileReference; explicitFileType = wrapper.framework; includeInIndex = 0; path = Pods_BilibiliLive.framework; sourceTree = BUILT_PRODUCTS_DIR; };
		E88FD5934B32EABE181E32E2 /* Pods-BilibiliLive.debug.xcconfig */ = {isa = PBXFileReference; includeInIndex = 1; lastKnownFileType = text.xcconfig; name = "Pods-BilibiliLive.debug.xcconfig"; path = "Target Support Files/Pods-BilibiliLive/Pods-BilibiliLive.debug.xcconfig"; sourceTree = "<group>"; };
		F927ED672610113A00EAB8E3 /* LiveDanMuProvider.swift */ = {isa = PBXFileReference; lastKnownFileType = sourcecode.swift; path = LiveDanMuProvider.swift; sourceTree = "<group>"; };
		F927ED6C2610395300EAB8E3 /* DanmakuCell.swift */ = {isa = PBXFileReference; fileEncoding = 4; lastKnownFileType = sourcecode.swift; path = DanmakuCell.swift; sourceTree = "<group>"; };
		F927ED6D2610395300EAB8E3 /* DanmakuView.swift */ = {isa = PBXFileReference; fileEncoding = 4; lastKnownFileType = sourcecode.swift; path = DanmakuView.swift; sourceTree = "<group>"; };
		F927ED6E2610395300EAB8E3 /* DanmakuAsyncLayer.swift */ = {isa = PBXFileReference; fileEncoding = 4; lastKnownFileType = sourcecode.swift; path = DanmakuAsyncLayer.swift; sourceTree = "<group>"; };
		F927ED6F2610395300EAB8E3 /* .gitkeep */ = {isa = PBXFileReference; fileEncoding = 4; lastKnownFileType = text; path = .gitkeep; sourceTree = "<group>"; };
		F927ED702610395300EAB8E3 /* DanmakuQueuePool.swift */ = {isa = PBXFileReference; fileEncoding = 4; lastKnownFileType = sourcecode.swift; path = DanmakuQueuePool.swift; sourceTree = "<group>"; };
		F927ED712610395300EAB8E3 /* DanmakuTrack.swift */ = {isa = PBXFileReference; fileEncoding = 4; lastKnownFileType = sourcecode.swift; path = DanmakuTrack.swift; sourceTree = "<group>"; };
		F927ED722610395300EAB8E3 /* DanmakuCellModel.swift */ = {isa = PBXFileReference; fileEncoding = 4; lastKnownFileType = sourcecode.swift; path = DanmakuCellModel.swift; sourceTree = "<group>"; };
		F927ED8626103CFA00EAB8E3 /* DanmakuTextCell.swift */ = {isa = PBXFileReference; fileEncoding = 4; lastKnownFileType = sourcecode.swift; path = DanmakuTextCell.swift; sourceTree = "<group>"; };
		F927ED8726103CFA00EAB8E3 /* DanmakuTextCellModel.swift */ = {isa = PBXFileReference; fileEncoding = 4; lastKnownFileType = sourcecode.swift; path = DanmakuTextCellModel.swift; sourceTree = "<group>"; };
		F927ED8C2610A5A800EAB8E3 /* LoginViewController.swift */ = {isa = PBXFileReference; lastKnownFileType = sourcecode.swift; path = LoginViewController.swift; sourceTree = "<group>"; };
		F927ED8F2610A5E900EAB8E3 /* CookieManager.swift */ = {isa = PBXFileReference; lastKnownFileType = sourcecode.swift; path = CookieManager.swift; sourceTree = "<group>"; };
		F927ED982610AD8D00EAB8E3 /* HomeViewController.swift */ = {isa = PBXFileReference; lastKnownFileType = sourcecode.swift; path = HomeViewController.swift; sourceTree = "<group>"; };
		F9562C91261A0D2200573B74 /* VideoPlayerViewController.swift */ = {isa = PBXFileReference; lastKnownFileType = sourcecode.swift; path = VideoPlayerViewController.swift; sourceTree = "<group>"; };
		F99D28DA2618A55900F8E66A /* BilibiliLive-Bridging-Header.h */ = {isa = PBXFileReference; lastKnownFileType = sourcecode.c.h; path = "BilibiliLive-Bridging-Header.h"; sourceTree = "<group>"; };
		F99D28E02619591300F8E66A /* CommonPlayerViewController.swift */ = {isa = PBXFileReference; lastKnownFileType = sourcecode.swift; path = CommonPlayerViewController.swift; sourceTree = "<group>"; };
		F99D28E926195EC200F8E66A /* UIView+Layout.swift */ = {isa = PBXFileReference; lastKnownFileType = sourcecode.swift; path = "UIView+Layout.swift"; sourceTree = "<group>"; };
		F99D28ED2619F4E200F8E66A /* PlayerControlView.swift */ = {isa = PBXFileReference; lastKnownFileType = sourcecode.swift; path = PlayerControlView.swift; sourceTree = "<group>"; };
		F99D28F62619F5F000F8E66A /* FeedViewController.swift */ = {isa = PBXFileReference; lastKnownFileType = sourcecode.swift; path = FeedViewController.swift; sourceTree = "<group>"; };
		F9B57350260F5F7400771ED5 /* BilibiliLive.app */ = {isa = PBXFileReference; explicitFileType = wrapper.application; includeInIndex = 0; path = BilibiliLive.app; sourceTree = BUILT_PRODUCTS_DIR; };
		F9B57353260F5F7400771ED5 /* AppDelegate.swift */ = {isa = PBXFileReference; lastKnownFileType = sourcecode.swift; path = AppDelegate.swift; sourceTree = "<group>"; };
		F9B57355260F5F7400771ED5 /* LivePlayerViewController.swift */ = {isa = PBXFileReference; lastKnownFileType = sourcecode.swift; path = LivePlayerViewController.swift; sourceTree = "<group>"; };
		F9B57358260F5F7400771ED5 /* Base */ = {isa = PBXFileReference; lastKnownFileType = file.storyboard; name = Base; path = Base.lproj/Main.storyboard; sourceTree = "<group>"; };
		F9B5735A260F5F7600771ED5 /* Assets.xcassets */ = {isa = PBXFileReference; lastKnownFileType = folder.assetcatalog; path = Assets.xcassets; sourceTree = "<group>"; };
		F9B5735D260F5F7600771ED5 /* Base */ = {isa = PBXFileReference; lastKnownFileType = file.storyboard; name = Base; path = Base.lproj/LaunchScreen.storyboard; sourceTree = "<group>"; };
		F9B5735F260F5F7600771ED5 /* Info.plist */ = {isa = PBXFileReference; lastKnownFileType = text.plist.xml; path = Info.plist; sourceTree = "<group>"; };
		F9B9EAE6261AC6F80045C2C6 /* BLTabBarViewController.swift */ = {isa = PBXFileReference; lastKnownFileType = sourcecode.swift; path = BLTabBarViewController.swift; sourceTree = "<group>"; };
/* End PBXFileReference section */

/* Begin PBXFrameworksBuildPhase section */
		F9B5734D260F5F7400771ED5 /* Frameworks */ = {
			isa = PBXFrameworksBuildPhase;
			buildActionMask = 2147483647;
			files = (
				F9B57378260F6BB400771ED5 /* SwiftyJSON in Frameworks */,
				F9B5736E260F652C00771ED5 /* Alamofire in Frameworks */,
				F927ED65260F917D00EAB8E3 /* Gzip in Frameworks */,
				F9B9EAE3261AA3400045C2C6 /* SwiftyXMLParser in Frameworks */,
				F9B57373260F6B8E00771ED5 /* Starscream in Frameworks */,
				F927ED9F2610B5C300EAB8E3 /* Kingfisher in Frameworks */,
				F50FE664EF75537A1BC46005 /* Pods_BilibiliLive.framework in Frameworks */,
			);
			runOnlyForDeploymentPostprocessing = 0;
		};
/* End PBXFrameworksBuildPhase section */

/* Begin PBXGroup section */
		298E9CB7865C6F0138891473 /* Pods */ = {
			isa = PBXGroup;
			children = (
				E88FD5934B32EABE181E32E2 /* Pods-BilibiliLive.debug.xcconfig */,
				93F8BE4875579938452499D0 /* Pods-BilibiliLive.release.xcconfig */,
			);
			path = Pods;
			sourceTree = "<group>";
		};
		E1B726B8E50640D8E33C0BC8 /* Frameworks */ = {
			isa = PBXGroup;
			children = (
				D8B892306AA70BC7C98A7C2C /* Pods_BilibiliLive.framework */,
			);
			name = Frameworks;
			sourceTree = "<group>";
		};
		F927ED6A2610391000EAB8E3 /* Vendor */ = {
			isa = PBXGroup;
			children = (
				F927ED6B2610395300EAB8E3 /* DanmakuKit */,
			);
			path = Vendor;
			sourceTree = "<group>";
		};
		F927ED6B2610395300EAB8E3 /* DanmakuKit */ = {
			isa = PBXGroup;
			children = (
				F927ED6C2610395300EAB8E3 /* DanmakuCell.swift */,
				F927ED6D2610395300EAB8E3 /* DanmakuView.swift */,
				F927ED6E2610395300EAB8E3 /* DanmakuAsyncLayer.swift */,
				F927ED6F2610395300EAB8E3 /* .gitkeep */,
				F927ED702610395300EAB8E3 /* DanmakuQueuePool.swift */,
				F927ED712610395300EAB8E3 /* DanmakuTrack.swift */,
				F927ED722610395300EAB8E3 /* DanmakuCellModel.swift */,
				F927ED8626103CFA00EAB8E3 /* DanmakuTextCell.swift */,
				F927ED8726103CFA00EAB8E3 /* DanmakuTextCellModel.swift */,
			);
			path = DanmakuKit;
			sourceTree = "<group>";
		};
		F99D28EC2619F4D500F8E66A /* Player */ = {
			isa = PBXGroup;
			children = (
				F99D28E02619591300F8E66A /* CommonPlayerViewController.swift */,
				F99D28ED2619F4E200F8E66A /* PlayerControlView.swift */,
			);
			path = Player;
			sourceTree = "<group>";
		};
		F9B57347260F5F7400771ED5 = {
			isa = PBXGroup;
			children = (
				F9B57352260F5F7400771ED5 /* BilibiliLive */,
				F9B57351260F5F7400771ED5 /* Products */,
				298E9CB7865C6F0138891473 /* Pods */,
				E1B726B8E50640D8E33C0BC8 /* Frameworks */,
			);
			sourceTree = "<group>";
		};
		F9B57351260F5F7400771ED5 /* Products */ = {
			isa = PBXGroup;
			children = (
				F9B57350260F5F7400771ED5 /* BilibiliLive.app */,
			);
			name = Products;
			sourceTree = "<group>";
		};
		F9B57352260F5F7400771ED5 /* BilibiliLive */ = {
			isa = PBXGroup;
			children = (
				F99D28EC2619F4D500F8E66A /* Player */,
				F927ED6A2610391000EAB8E3 /* Vendor */,
				F9B57353260F5F7400771ED5 /* AppDelegate.swift */,
				F9B57355260F5F7400771ED5 /* LivePlayerViewController.swift */,
				F9B57357260F5F7400771ED5 /* Main.storyboard */,
				F9B5735A260F5F7600771ED5 /* Assets.xcassets */,
				F9B5735C260F5F7600771ED5 /* LaunchScreen.storyboard */,
				F9B5735F260F5F7600771ED5 /* Info.plist */,
				F927ED672610113A00EAB8E3 /* LiveDanMuProvider.swift */,
				F927ED8C2610A5A800EAB8E3 /* LoginViewController.swift */,
				F927ED8F2610A5E900EAB8E3 /* CookieManager.swift */,
				F927ED982610AD8D00EAB8E3 /* HomeViewController.swift */,
				F99D28DA2618A55900F8E66A /* BilibiliLive-Bridging-Header.h */,
				F99D28E926195EC200F8E66A /* UIView+Layout.swift */,
				F99D28F62619F5F000F8E66A /* FeedViewController.swift */,
				F9562C91261A0D2200573B74 /* VideoPlayerViewController.swift */,
				F9B9EAE6261AC6F80045C2C6 /* BLTabBarViewController.swift */,
			);
			path = BilibiliLive;
			sourceTree = "<group>";
		};
/* End PBXGroup section */

/* Begin PBXNativeTarget section */
		F9B5734F260F5F7400771ED5 /* BilibiliLive */ = {
			isa = PBXNativeTarget;
			buildConfigurationList = F9B57362260F5F7600771ED5 /* Build configuration list for PBXNativeTarget "BilibiliLive" */;
			buildPhases = (
				9F1BD6588961ACB4FE40EA45 /* [CP] Check Pods Manifest.lock */,
				F9B5734C260F5F7400771ED5 /* Sources */,
				F9B5734D260F5F7400771ED5 /* Frameworks */,
				F9B5734E260F5F7400771ED5 /* Resources */,
				5840338E4214CD9A5E2AC407 /* [CP] Embed Pods Frameworks */,
			);
			buildRules = (
			);
			dependencies = (
			);
			name = BilibiliLive;
			packageProductDependencies = (
				F9B5736D260F652C00771ED5 /* Alamofire */,
				F9B57372260F6B8E00771ED5 /* Starscream */,
				F9B57377260F6BB400771ED5 /* SwiftyJSON */,
				F927ED64260F917D00EAB8E3 /* Gzip */,
				F927ED9E2610B5C300EAB8E3 /* Kingfisher */,
				F9B9EAE2261AA3400045C2C6 /* SwiftyXMLParser */,
			);
			productName = BilibiliLive;
			productReference = F9B57350260F5F7400771ED5 /* BilibiliLive.app */;
			productType = "com.apple.product-type.application";
		};
/* End PBXNativeTarget section */

/* Begin PBXProject section */
		F9B57348260F5F7400771ED5 /* Project object */ = {
			isa = PBXProject;
			attributes = {
				LastSwiftUpdateCheck = 1240;
				LastUpgradeCheck = 1240;
				TargetAttributes = {
					F9B5734F260F5F7400771ED5 = {
						CreatedOnToolsVersion = 12.4;
						LastSwiftMigration = 1240;
					};
				};
			};
			buildConfigurationList = F9B5734B260F5F7400771ED5 /* Build configuration list for PBXProject "BilibiliLive" */;
			compatibilityVersion = "Xcode 9.3";
			developmentRegion = en;
			hasScannedForEncodings = 0;
			knownRegions = (
				en,
				Base,
			);
			mainGroup = F9B57347260F5F7400771ED5;
			packageReferences = (
				F9B5736C260F652C00771ED5 /* XCRemoteSwiftPackageReference "Alamofire" */,
				F9B57371260F6B8E00771ED5 /* XCRemoteSwiftPackageReference "Starscream" */,
				F9B57376260F6BB400771ED5 /* XCRemoteSwiftPackageReference "SwiftyJSON" */,
				F927ED63260F917D00EAB8E3 /* XCRemoteSwiftPackageReference "GzipSwift" */,
				F927ED9D2610B5C300EAB8E3 /* XCRemoteSwiftPackageReference "Kingfisher" */,
				F9B9EAE1261AA3400045C2C6 /* XCRemoteSwiftPackageReference "SwiftyXMLParser" */,
			);
			productRefGroup = F9B57351260F5F7400771ED5 /* Products */;
			projectDirPath = "";
			projectRoot = "";
			targets = (
				F9B5734F260F5F7400771ED5 /* BilibiliLive */,
			);
		};
/* End PBXProject section */

/* Begin PBXResourcesBuildPhase section */
		F9B5734E260F5F7400771ED5 /* Resources */ = {
			isa = PBXResourcesBuildPhase;
			buildActionMask = 2147483647;
			files = (
				F9B5735E260F5F7600771ED5 /* LaunchScreen.storyboard in Resources */,
				F9B5735B260F5F7600771ED5 /* Assets.xcassets in Resources */,
				F9B57359260F5F7400771ED5 /* Main.storyboard in Resources */,
				F927ED762610395300EAB8E3 /* .gitkeep in Resources */,
			);
			runOnlyForDeploymentPostprocessing = 0;
		};
/* End PBXResourcesBuildPhase section */

/* Begin PBXShellScriptBuildPhase section */
		5840338E4214CD9A5E2AC407 /* [CP] Embed Pods Frameworks */ = {
			isa = PBXShellScriptBuildPhase;
			buildActionMask = 2147483647;
			files = (
			);
			inputFileListPaths = (
				"${PODS_ROOT}/Target Support Files/Pods-BilibiliLive/Pods-BilibiliLive-frameworks-${CONFIGURATION}-input-files.xcfilelist",
			);
			name = "[CP] Embed Pods Frameworks";
			outputFileListPaths = (
				"${PODS_ROOT}/Target Support Files/Pods-BilibiliLive/Pods-BilibiliLive-frameworks-${CONFIGURATION}-output-files.xcfilelist",
			);
			runOnlyForDeploymentPostprocessing = 0;
			shellPath = /bin/sh;
			shellScript = "\"${PODS_ROOT}/Target Support Files/Pods-BilibiliLive/Pods-BilibiliLive-frameworks.sh\"\n";
			showEnvVarsInLog = 0;
		};
		9F1BD6588961ACB4FE40EA45 /* [CP] Check Pods Manifest.lock */ = {
			isa = PBXShellScriptBuildPhase;
			buildActionMask = 2147483647;
			files = (
			);
			inputFileListPaths = (
			);
			inputPaths = (
				"${PODS_PODFILE_DIR_PATH}/Podfile.lock",
				"${PODS_ROOT}/Manifest.lock",
			);
			name = "[CP] Check Pods Manifest.lock";
			outputFileListPaths = (
			);
			outputPaths = (
				"$(DERIVED_FILE_DIR)/Pods-BilibiliLive-checkManifestLockResult.txt",
			);
			runOnlyForDeploymentPostprocessing = 0;
			shellPath = /bin/sh;
			shellScript = "diff \"${PODS_PODFILE_DIR_PATH}/Podfile.lock\" \"${PODS_ROOT}/Manifest.lock\" > /dev/null\nif [ $? != 0 ] ; then\n    # print error to STDERR\n    echo \"error: The sandbox is not in sync with the Podfile.lock. Run 'pod install' or update your CocoaPods installation.\" >&2\n    exit 1\nfi\n# This output is used by Xcode 'outputs' to avoid re-running this script phase.\necho \"SUCCESS\" > \"${SCRIPT_OUTPUT_FILE_0}\"\n";
			showEnvVarsInLog = 0;
		};
/* End PBXShellScriptBuildPhase section */

/* Begin PBXSourcesBuildPhase section */
		F9B5734C260F5F7400771ED5 /* Sources */ = {
			isa = PBXSourcesBuildPhase;
			buildActionMask = 2147483647;
			files = (
				F9B9EAE7261AC6F80045C2C6 /* BLTabBarViewController.swift in Sources */,
				F9562C92261A0D2200573B74 /* VideoPlayerViewController.swift in Sources */,
				F99D28EA26195EC200F8E66A /* UIView+Layout.swift in Sources */,
				F927ED8D2610A5A800EAB8E3 /* LoginViewController.swift in Sources */,
				F927ED752610395300EAB8E3 /* DanmakuAsyncLayer.swift in Sources */,
				F927ED682610113A00EAB8E3 /* LiveDanMuProvider.swift in Sources */,
				F927ED742610395300EAB8E3 /* DanmakuView.swift in Sources */,
				F927ED782610395300EAB8E3 /* DanmakuTrack.swift in Sources */,
				F927ED992610AD8D00EAB8E3 /* HomeViewController.swift in Sources */,
				F927ED732610395300EAB8E3 /* DanmakuCell.swift in Sources */,
				F927ED772610395300EAB8E3 /* DanmakuQueuePool.swift in Sources */,
				F927ED8926103CFB00EAB8E3 /* DanmakuTextCellModel.swift in Sources */,
				F99D28E12619591300F8E66A /* CommonPlayerViewController.swift in Sources */,
				F9B57356260F5F7400771ED5 /* LivePlayerViewController.swift in Sources */,
				F99D28F72619F5F000F8E66A /* FeedViewController.swift in Sources */,
				F9B57354260F5F7400771ED5 /* AppDelegate.swift in Sources */,
				F927ED8826103CFB00EAB8E3 /* DanmakuTextCell.swift in Sources */,
				F927ED902610A5E900EAB8E3 /* CookieManager.swift in Sources */,
				F927ED792610395400EAB8E3 /* DanmakuCellModel.swift in Sources */,
				F99D28EE2619F4E200F8E66A /* PlayerControlView.swift in Sources */,
			);
			runOnlyForDeploymentPostprocessing = 0;
		};
/* End PBXSourcesBuildPhase section */

/* Begin PBXVariantGroup section */
		F9B57357260F5F7400771ED5 /* Main.storyboard */ = {
			isa = PBXVariantGroup;
			children = (
				F9B57358260F5F7400771ED5 /* Base */,
			);
			name = Main.storyboard;
			sourceTree = "<group>";
		};
		F9B5735C260F5F7600771ED5 /* LaunchScreen.storyboard */ = {
			isa = PBXVariantGroup;
			children = (
				F9B5735D260F5F7600771ED5 /* Base */,
			);
			name = LaunchScreen.storyboard;
			sourceTree = "<group>";
		};
/* End PBXVariantGroup section */

/* Begin XCBuildConfiguration section */
		F9B57360260F5F7600771ED5 /* Debug */ = {
			isa = XCBuildConfiguration;
			buildSettings = {
				ALWAYS_SEARCH_USER_PATHS = NO;
				CLANG_ANALYZER_NONNULL = YES;
				CLANG_ANALYZER_NUMBER_OBJECT_CONVERSION = YES_AGGRESSIVE;
				CLANG_CXX_LANGUAGE_STANDARD = "gnu++14";
				CLANG_CXX_LIBRARY = "libc++";
				CLANG_ENABLE_MODULES = YES;
				CLANG_ENABLE_OBJC_ARC = YES;
				CLANG_ENABLE_OBJC_WEAK = YES;
				CLANG_WARN_BLOCK_CAPTURE_AUTORELEASING = YES;
				CLANG_WARN_BOOL_CONVERSION = YES;
				CLANG_WARN_COMMA = YES;
				CLANG_WARN_CONSTANT_CONVERSION = YES;
				CLANG_WARN_DEPRECATED_OBJC_IMPLEMENTATIONS = YES;
				CLANG_WARN_DIRECT_OBJC_ISA_USAGE = YES_ERROR;
				CLANG_WARN_DOCUMENTATION_COMMENTS = YES;
				CLANG_WARN_EMPTY_BODY = YES;
				CLANG_WARN_ENUM_CONVERSION = YES;
				CLANG_WARN_INFINITE_RECURSION = YES;
				CLANG_WARN_INT_CONVERSION = YES;
				CLANG_WARN_NON_LITERAL_NULL_CONVERSION = YES;
				CLANG_WARN_OBJC_IMPLICIT_RETAIN_SELF = YES;
				CLANG_WARN_OBJC_LITERAL_CONVERSION = YES;
				CLANG_WARN_OBJC_ROOT_CLASS = YES_ERROR;
				CLANG_WARN_QUOTED_INCLUDE_IN_FRAMEWORK_HEADER = YES;
				CLANG_WARN_RANGE_LOOP_ANALYSIS = YES;
				CLANG_WARN_STRICT_PROTOTYPES = YES;
				CLANG_WARN_SUSPICIOUS_MOVE = YES;
				CLANG_WARN_UNGUARDED_AVAILABILITY = YES_AGGRESSIVE;
				CLANG_WARN_UNREACHABLE_CODE = YES;
				CLANG_WARN__DUPLICATE_METHOD_MATCH = YES;
				COPY_PHASE_STRIP = NO;
				DEBUG_INFORMATION_FORMAT = dwarf;
				ENABLE_STRICT_OBJC_MSGSEND = YES;
				ENABLE_TESTABILITY = YES;
				GCC_C_LANGUAGE_STANDARD = gnu11;
				GCC_DYNAMIC_NO_PIC = NO;
				GCC_NO_COMMON_BLOCKS = YES;
				GCC_OPTIMIZATION_LEVEL = 0;
				GCC_PREPROCESSOR_DEFINITIONS = (
					"DEBUG=1",
					"$(inherited)",
				);
				GCC_WARN_64_TO_32_BIT_CONVERSION = YES;
				GCC_WARN_ABOUT_RETURN_TYPE = YES_ERROR;
				GCC_WARN_UNDECLARED_SELECTOR = YES;
				GCC_WARN_UNINITIALIZED_AUTOS = YES_AGGRESSIVE;
				GCC_WARN_UNUSED_FUNCTION = YES;
				GCC_WARN_UNUSED_VARIABLE = YES;
				MTL_ENABLE_DEBUG_INFO = INCLUDE_SOURCE;
				MTL_FAST_MATH = YES;
				ONLY_ACTIVE_ARCH = YES;
				SDKROOT = appletvos;
				SWIFT_ACTIVE_COMPILATION_CONDITIONS = DEBUG;
				SWIFT_OPTIMIZATION_LEVEL = "-Onone";
				TVOS_DEPLOYMENT_TARGET = 14.3;
			};
			name = Debug;
		};
		F9B57361260F5F7600771ED5 /* Release */ = {
			isa = XCBuildConfiguration;
			buildSettings = {
				ALWAYS_SEARCH_USER_PATHS = NO;
				CLANG_ANALYZER_NONNULL = YES;
				CLANG_ANALYZER_NUMBER_OBJECT_CONVERSION = YES_AGGRESSIVE;
				CLANG_CXX_LANGUAGE_STANDARD = "gnu++14";
				CLANG_CXX_LIBRARY = "libc++";
				CLANG_ENABLE_MODULES = YES;
				CLANG_ENABLE_OBJC_ARC = YES;
				CLANG_ENABLE_OBJC_WEAK = YES;
				CLANG_WARN_BLOCK_CAPTURE_AUTORELEASING = YES;
				CLANG_WARN_BOOL_CONVERSION = YES;
				CLANG_WARN_COMMA = YES;
				CLANG_WARN_CONSTANT_CONVERSION = YES;
				CLANG_WARN_DEPRECATED_OBJC_IMPLEMENTATIONS = YES;
				CLANG_WARN_DIRECT_OBJC_ISA_USAGE = YES_ERROR;
				CLANG_WARN_DOCUMENTATION_COMMENTS = YES;
				CLANG_WARN_EMPTY_BODY = YES;
				CLANG_WARN_ENUM_CONVERSION = YES;
				CLANG_WARN_INFINITE_RECURSION = YES;
				CLANG_WARN_INT_CONVERSION = YES;
				CLANG_WARN_NON_LITERAL_NULL_CONVERSION = YES;
				CLANG_WARN_OBJC_IMPLICIT_RETAIN_SELF = YES;
				CLANG_WARN_OBJC_LITERAL_CONVERSION = YES;
				CLANG_WARN_OBJC_ROOT_CLASS = YES_ERROR;
				CLANG_WARN_QUOTED_INCLUDE_IN_FRAMEWORK_HEADER = YES;
				CLANG_WARN_RANGE_LOOP_ANALYSIS = YES;
				CLANG_WARN_STRICT_PROTOTYPES = YES;
				CLANG_WARN_SUSPICIOUS_MOVE = YES;
				CLANG_WARN_UNGUARDED_AVAILABILITY = YES_AGGRESSIVE;
				CLANG_WARN_UNREACHABLE_CODE = YES;
				CLANG_WARN__DUPLICATE_METHOD_MATCH = YES;
				COPY_PHASE_STRIP = NO;
				DEBUG_INFORMATION_FORMAT = "dwarf-with-dsym";
				ENABLE_NS_ASSERTIONS = NO;
				ENABLE_STRICT_OBJC_MSGSEND = YES;
				GCC_C_LANGUAGE_STANDARD = gnu11;
				GCC_NO_COMMON_BLOCKS = YES;
				GCC_WARN_64_TO_32_BIT_CONVERSION = YES;
				GCC_WARN_ABOUT_RETURN_TYPE = YES_ERROR;
				GCC_WARN_UNDECLARED_SELECTOR = YES;
				GCC_WARN_UNINITIALIZED_AUTOS = YES_AGGRESSIVE;
				GCC_WARN_UNUSED_FUNCTION = YES;
				GCC_WARN_UNUSED_VARIABLE = YES;
				MTL_ENABLE_DEBUG_INFO = NO;
				MTL_FAST_MATH = YES;
				SDKROOT = appletvos;
				SWIFT_COMPILATION_MODE = wholemodule;
				SWIFT_OPTIMIZATION_LEVEL = "-O";
				TVOS_DEPLOYMENT_TARGET = 14.3;
				VALIDATE_PRODUCT = YES;
			};
			name = Release;
		};
		F9B57363260F5F7600771ED5 /* Debug */ = {
			isa = XCBuildConfiguration;
			baseConfigurationReference = E88FD5934B32EABE181E32E2 /* Pods-BilibiliLive.debug.xcconfig */;
			buildSettings = {
				ASSETCATALOG_COMPILER_APPICON_NAME = "App Icon & Top Shelf Image";
				ASSETCATALOG_COMPILER_GLOBAL_ACCENT_COLOR_NAME = AccentColor;
				CLANG_ENABLE_MODULES = YES;
				CODE_SIGN_STYLE = Automatic;
				DEVELOPMENT_TEAM = MEWHFZ92DY;
				INFOPLIST_FILE = BilibiliLive/Info.plist;
				LD_RUNPATH_SEARCH_PATHS = (
					"$(inherited)",
					"@executable_path/Frameworks",
				);
				PRODUCT_BUNDLE_IDENTIFIER = com.etan.tv.BilibiliLive;
				PRODUCT_NAME = "$(TARGET_NAME)";
				SWIFT_OBJC_BRIDGING_HEADER = "BilibiliLive/BilibiliLive-Bridging-Header.h";
				SWIFT_OPTIMIZATION_LEVEL = "-Onone";
				SWIFT_VERSION = 5.0;
				TARGETED_DEVICE_FAMILY = 3;
				TVOS_DEPLOYMENT_TARGET = 13.0;
			};
			name = Debug;
		};
		F9B57364260F5F7600771ED5 /* Release */ = {
			isa = XCBuildConfiguration;
			baseConfigurationReference = 93F8BE4875579938452499D0 /* Pods-BilibiliLive.release.xcconfig */;
			buildSettings = {
				ASSETCATALOG_COMPILER_APPICON_NAME = "App Icon & Top Shelf Image";
				ASSETCATALOG_COMPILER_GLOBAL_ACCENT_COLOR_NAME = AccentColor;
				CLANG_ENABLE_MODULES = YES;
				CODE_SIGN_STYLE = Automatic;
				DEVELOPMENT_TEAM = MEWHFZ92DY;
				INFOPLIST_FILE = BilibiliLive/Info.plist;
				LD_RUNPATH_SEARCH_PATHS = (
					"$(inherited)",
					"@executable_path/Frameworks",
				);
				PRODUCT_BUNDLE_IDENTIFIER = com.etan.tv.BilibiliLive;
				PRODUCT_NAME = "$(TARGET_NAME)";
				SWIFT_OBJC_BRIDGING_HEADER = "BilibiliLive/BilibiliLive-Bridging-Header.h";
				SWIFT_VERSION = 5.0;
				TARGETED_DEVICE_FAMILY = 3;
				TVOS_DEPLOYMENT_TARGET = 13.0;
			};
			name = Release;
		};
/* End XCBuildConfiguration section */

/* Begin XCConfigurationList section */
		F9B5734B260F5F7400771ED5 /* Build configuration list for PBXProject "BilibiliLive" */ = {
			isa = XCConfigurationList;
			buildConfigurations = (
				F9B57360260F5F7600771ED5 /* Debug */,
				F9B57361260F5F7600771ED5 /* Release */,
			);
			defaultConfigurationIsVisible = 0;
			defaultConfigurationName = Release;
		};
		F9B57362260F5F7600771ED5 /* Build configuration list for PBXNativeTarget "BilibiliLive" */ = {
			isa = XCConfigurationList;
			buildConfigurations = (
				F9B57363260F5F7600771ED5 /* Debug */,
				F9B57364260F5F7600771ED5 /* Release */,
			);
			defaultConfigurationIsVisible = 0;
			defaultConfigurationName = Release;
		};
/* End XCConfigurationList section */

/* Begin XCRemoteSwiftPackageReference section */
		F927ED63260F917D00EAB8E3 /* XCRemoteSwiftPackageReference "GzipSwift" */ = {
			isa = XCRemoteSwiftPackageReference;
			repositoryURL = "https://github.com/1024jp/GzipSwift";
			requirement = {
				kind = upToNextMajorVersion;
				minimumVersion = 5.1.1;
			};
		};
		F927ED9D2610B5C300EAB8E3 /* XCRemoteSwiftPackageReference "Kingfisher" */ = {
			isa = XCRemoteSwiftPackageReference;
			repositoryURL = "https://github.com/onevcat/Kingfisher.git";
			requirement = {
				kind = upToNextMajorVersion;
				minimumVersion = 6.2.1;
			};
		};
		F9B5736C260F652C00771ED5 /* XCRemoteSwiftPackageReference "Alamofire" */ = {
			isa = XCRemoteSwiftPackageReference;
			repositoryURL = "https://github.com/Alamofire/Alamofire.git";
			requirement = {
				kind = upToNextMajorVersion;
				minimumVersion = 5.4.1;
			};
		};
		F9B57371260F6B8E00771ED5 /* XCRemoteSwiftPackageReference "Starscream" */ = {
			isa = XCRemoteSwiftPackageReference;
			repositoryURL = "https://github.com/daltoniam/Starscream.git";
			requirement = {
				kind = upToNextMajorVersion;
				minimumVersion = 4.0.4;
			};
		};
		F9B57376260F6BB400771ED5 /* XCRemoteSwiftPackageReference "SwiftyJSON" */ = {
			isa = XCRemoteSwiftPackageReference;
			repositoryURL = "https://github.com/SwiftyJSON/SwiftyJSON.git";
			requirement = {
				kind = upToNextMajorVersion;
				minimumVersion = 5.0.0;
			};
		};
		F9B9EAE1261AA3400045C2C6 /* XCRemoteSwiftPackageReference "SwiftyXMLParser" */ = {
			isa = XCRemoteSwiftPackageReference;
			repositoryURL = "https://github.com/yahoojapan/SwiftyXMLParser";
			requirement = {
				kind = upToNextMajorVersion;
				minimumVersion = 5.3.0;
			};
		};
/* End XCRemoteSwiftPackageReference section */

/* Begin XCSwiftPackageProductDependency section */
		F927ED64260F917D00EAB8E3 /* Gzip */ = {
			isa = XCSwiftPackageProductDependency;
			package = F927ED63260F917D00EAB8E3 /* XCRemoteSwiftPackageReference "GzipSwift" */;
			productName = Gzip;
		};
		F927ED9E2610B5C300EAB8E3 /* Kingfisher */ = {
			isa = XCSwiftPackageProductDependency;
			package = F927ED9D2610B5C300EAB8E3 /* XCRemoteSwiftPackageReference "Kingfisher" */;
			productName = Kingfisher;
		};
		F9B5736D260F652C00771ED5 /* Alamofire */ = {
			isa = XCSwiftPackageProductDependency;
			package = F9B5736C260F652C00771ED5 /* XCRemoteSwiftPackageReference "Alamofire" */;
			productName = Alamofire;
		};
		F9B57372260F6B8E00771ED5 /* Starscream */ = {
			isa = XCSwiftPackageProductDependency;
			package = F9B57371260F6B8E00771ED5 /* XCRemoteSwiftPackageReference "Starscream" */;
			productName = Starscream;
		};
		F9B57377260F6BB400771ED5 /* SwiftyJSON */ = {
			isa = XCSwiftPackageProductDependency;
			package = F9B57376260F6BB400771ED5 /* XCRemoteSwiftPackageReference "SwiftyJSON" */;
			productName = SwiftyJSON;
		};
		F9B9EAE2261AA3400045C2C6 /* SwiftyXMLParser */ = {
			isa = XCSwiftPackageProductDependency;
			package = F9B9EAE1261AA3400045C2C6 /* XCRemoteSwiftPackageReference "SwiftyXMLParser" */;
			productName = SwiftyXMLParser;
		};
/* End XCSwiftPackageProductDependency section */
	};
	rootObject = F9B57348260F5F7400771ED5 /* Project object */;
}
